// !$*UTF8*$!
{
	archiveVersion = 1;
	classes = {
	};
	objectVersion = 56;
	objects = {

/* Begin PBXBuildFile section */
		2E0F98FB2B5D9FCE0094CE9F /* HomeRootView.swift in Sources */ = {isa = PBXBuildFile; fileRef = 2E0F98FA2B5D9FCE0094CE9F /* HomeRootView.swift */; };
		2E0F98FD2B5DA00E0094CE9F /* HistoryRootView.swift in Sources */ = {isa = PBXBuildFile; fileRef = 2E0F98FC2B5DA00E0094CE9F /* HistoryRootView.swift */; };
		2E0F98FF2B5DA0590094CE9F /* BeneficiaryRootView.swift in Sources */ = {isa = PBXBuildFile; fileRef = 2E0F98FE2B5DA0590094CE9F /* BeneficiaryRootView.swift */; };
		2E0F99022B5DAE260094CE9F /* XBottomBarContainer.swift in Sources */ = {isa = PBXBuildFile; fileRef = 2E0F99002B5DAE260094CE9F /* XBottomBarContainer.swift */; };
		2E0F99032B5DAE260094CE9F /* FRBottomBar.swift in Sources */ = {isa = PBXBuildFile; fileRef = 2E0F99012B5DAE260094CE9F /* FRBottomBar.swift */; };
		2E0F99062B5DB0B40094CE9F /* SettingsRootView.swift in Sources */ = {isa = PBXBuildFile; fileRef = 2E0F99052B5DB0B40094CE9F /* SettingsRootView.swift */; };
		40711F652B5CFD1500F966E7 /* FIB_RemittApp.swift in Sources */ = {isa = PBXBuildFile; fileRef = 40711F642B5CFD1500F966E7 /* FIB_RemittApp.swift */; };
		40711F692B5CFD1600F966E7 /* Assets.xcassets in Resources */ = {isa = PBXBuildFile; fileRef = 40711F682B5CFD1600F966E7 /* Assets.xcassets */; };
		40711F6C2B5CFD1600F966E7 /* Preview Assets.xcassets in Resources */ = {isa = PBXBuildFile; fileRef = 40711F6B2B5CFD1600F966E7 /* Preview Assets.xcassets */; };
		89611BDF2B5E300300407E32 /* SheetHolder.swift in Sources */ = {isa = PBXBuildFile; fileRef = 89611BDE2B5E300300407E32 /* SheetHolder.swift */; };
		89611BE12B5E31E400407E32 /* Utils.swift in Sources */ = {isa = PBXBuildFile; fileRef = 89611BE02B5E31E400407E32 /* Utils.swift */; };
		89611BE42B5E32AD00407E32 /* TopRoundedShape.swift in Sources */ = {isa = PBXBuildFile; fileRef = 89611BE32B5E32AD00407E32 /* TopRoundedShape.swift */; };
		89611BE62B5E338900407E32 /* FRVContainer.swift in Sources */ = {isa = PBXBuildFile; fileRef = 89611BE52B5E338900407E32 /* FRVContainer.swift */; };
		89611BE82B5E3A6D00407E32 /* FRCheckbox.swift in Sources */ = {isa = PBXBuildFile; fileRef = 89611BE72B5E3A6D00407E32 /* FRCheckbox.swift */; };
		89611BEA2B5E464B00407E32 /* FRSimpleDropDownButton.swift in Sources */ = {isa = PBXBuildFile; fileRef = 89611BE92B5E464B00407E32 /* FRSimpleDropDownButton.swift */; };
		89611BEC2B5E4F4300407E32 /* FRCircularRadioButton.swift in Sources */ = {isa = PBXBuildFile; fileRef = 89611BEB2B5E4F4300407E32 /* FRCircularRadioButton.swift */; };
		89611BEE2B5E785D00407E32 /* FRTextField.swift in Sources */ = {isa = PBXBuildFile; fileRef = 89611BED2B5E785D00407E32 /* FRTextField.swift */; };
		89611BF02B5E7AB900407E32 /* HomeSelectBeneficiaryView.swift in Sources */ = {isa = PBXBuildFile; fileRef = 89611BEF2B5E7AB900407E32 /* HomeSelectBeneficiaryView.swift */; };
		89611BF32B5E7D0600407E32 /* AccountInfoCellView.swift in Sources */ = {isa = PBXBuildFile; fileRef = 89611BF22B5E7D0600407E32 /* AccountInfoCellView.swift */; };
		89611BF52B5E966000407E32 /* SimpleHInfoView.swift in Sources */ = {isa = PBXBuildFile; fileRef = 89611BF42B5E966000407E32 /* SimpleHInfoView.swift */; };
		89611BF72B5E9A4900407E32 /* HomeBeneficiarySummaryView.swift in Sources */ = {isa = PBXBuildFile; fileRef = 89611BF62B5E9A4900407E32 /* HomeBeneficiarySummaryView.swift */; };
		89611BF92B5E9A9F00407E32 /* SimpleHInfoCellView.swift in Sources */ = {isa = PBXBuildFile; fileRef = 89611BF82B5E9A9F00407E32 /* SimpleHInfoCellView.swift */; };
		89611BFB2B5EA5E400407E32 /* HomePayViaFIBView.swift in Sources */ = {isa = PBXBuildFile; fileRef = 89611BFA2B5EA5E400407E32 /* HomePayViaFIBView.swift */; };
		89611BFD2B5EA66900407E32 /* SimpleDirectedCellView.swift in Sources */ = {isa = PBXBuildFile; fileRef = 89611BFC2B5EA66900407E32 /* SimpleDirectedCellView.swift */; };
		89740D322B5D120D000ACFBA /* InitialView.swift in Sources */ = {isa = PBXBuildFile; fileRef = 89740D312B5D120D000ACFBA /* InitialView.swift */; };
		89740D3D2B5D2A0B000ACFBA /* UI.swift in Sources */ = {isa = PBXBuildFile; fileRef = 89740D3C2B5D2A0B000ACFBA /* UI.swift */; };
		89740D402B5D3883000ACFBA /* FRVerticalButton.swift in Sources */ = {isa = PBXBuildFile; fileRef = 89740D3F2B5D3883000ACFBA /* FRVerticalButton.swift */; };
		89740D422B5D3907000ACFBA /* FRText.swift in Sources */ = {isa = PBXBuildFile; fileRef = 89740D412B5D3907000ACFBA /* FRText.swift */; };
		89740D452B5D4284000ACFBA /* Colour.swift in Sources */ = {isa = PBXBuildFile; fileRef = 89740D442B5D4284000ACFBA /* Colour.swift */; };
		89740D482B5D558D000ACFBA /* View.swift in Sources */ = {isa = PBXBuildFile; fileRef = 89740D472B5D558D000ACFBA /* View.swift */; };
		89740D4B2B5D5669000ACFBA /* ViewModifier.swift in Sources */ = {isa = PBXBuildFile; fileRef = 89740D4A2B5D5669000ACFBA /* ViewModifier.swift */; };
		89740D4D2B5D5762000ACFBA /* Image.swift in Sources */ = {isa = PBXBuildFile; fileRef = 89740D4C2B5D5761000ACFBA /* Image.swift */; };
		89740D532B5D6915000ACFBA /* Roboto-Bold.ttf in Resources */ = {isa = PBXBuildFile; fileRef = 89740D512B5D6661000ACFBA /* Roboto-Bold.ttf */; };
		89740D542B5D6918000ACFBA /* Roboto-Regular.ttf in Resources */ = {isa = PBXBuildFile; fileRef = 89740D502B5D6655000ACFBA /* Roboto-Regular.ttf */; };
		89740D552B5D691B000ACFBA /* Roboto-Medium.ttf in Resources */ = {isa = PBXBuildFile; fileRef = 89740D4F2B5D6646000ACFBA /* Roboto-Medium.ttf */; };
/* End PBXBuildFile section */

/* Begin PBXFileReference section */
		2E0F98FA2B5D9FCE0094CE9F /* HomeRootView.swift */ = {isa = PBXFileReference; lastKnownFileType = sourcecode.swift; path = HomeRootView.swift; sourceTree = "<group>"; };
		2E0F98FC2B5DA00E0094CE9F /* HistoryRootView.swift */ = {isa = PBXFileReference; lastKnownFileType = sourcecode.swift; path = HistoryRootView.swift; sourceTree = "<group>"; };
		2E0F98FE2B5DA0590094CE9F /* BeneficiaryRootView.swift */ = {isa = PBXFileReference; lastKnownFileType = sourcecode.swift; path = BeneficiaryRootView.swift; sourceTree = "<group>"; };
		2E0F99002B5DAE260094CE9F /* XBottomBarContainer.swift */ = {isa = PBXFileReference; fileEncoding = 4; lastKnownFileType = sourcecode.swift; path = XBottomBarContainer.swift; sourceTree = "<group>"; };
		2E0F99012B5DAE260094CE9F /* FRBottomBar.swift */ = {isa = PBXFileReference; fileEncoding = 4; lastKnownFileType = sourcecode.swift; path = FRBottomBar.swift; sourceTree = "<group>"; };
		2E0F99052B5DB0B40094CE9F /* SettingsRootView.swift */ = {isa = PBXFileReference; lastKnownFileType = sourcecode.swift; path = SettingsRootView.swift; sourceTree = "<group>"; };
		40711F612B5CFD1500F966E7 /* FIB Remitt.app */ = {isa = PBXFileReference; explicitFileType = wrapper.application; includeInIndex = 0; path = "FIB Remitt.app"; sourceTree = BUILT_PRODUCTS_DIR; };
		40711F642B5CFD1500F966E7 /* FIB_RemittApp.swift */ = {isa = PBXFileReference; lastKnownFileType = sourcecode.swift; path = FIB_RemittApp.swift; sourceTree = "<group>"; };
		40711F682B5CFD1600F966E7 /* Assets.xcassets */ = {isa = PBXFileReference; lastKnownFileType = folder.assetcatalog; path = Assets.xcassets; sourceTree = "<group>"; };
		40711F6B2B5CFD1600F966E7 /* Preview Assets.xcassets */ = {isa = PBXFileReference; lastKnownFileType = folder.assetcatalog; path = "Preview Assets.xcassets"; sourceTree = "<group>"; };
		89611BDE2B5E300300407E32 /* SheetHolder.swift */ = {isa = PBXFileReference; lastKnownFileType = sourcecode.swift; path = SheetHolder.swift; sourceTree = "<group>"; };
		89611BE02B5E31E400407E32 /* Utils.swift */ = {isa = PBXFileReference; lastKnownFileType = sourcecode.swift; path = Utils.swift; sourceTree = "<group>"; };
		89611BE32B5E32AD00407E32 /* TopRoundedShape.swift */ = {isa = PBXFileReference; fileEncoding = 4; lastKnownFileType = sourcecode.swift; path = TopRoundedShape.swift; sourceTree = "<group>"; };
		89611BE52B5E338900407E32 /* FRVContainer.swift */ = {isa = PBXFileReference; lastKnownFileType = sourcecode.swift; path = FRVContainer.swift; sourceTree = "<group>"; };
		89611BE72B5E3A6D00407E32 /* FRCheckbox.swift */ = {isa = PBXFileReference; lastKnownFileType = sourcecode.swift; path = FRCheckbox.swift; sourceTree = "<group>"; };
		89611BE92B5E464B00407E32 /* FRSimpleDropDownButton.swift */ = {isa = PBXFileReference; lastKnownFileType = sourcecode.swift; path = FRSimpleDropDownButton.swift; sourceTree = "<group>"; };
		89611BEB2B5E4F4300407E32 /* FRCircularRadioButton.swift */ = {isa = PBXFileReference; lastKnownFileType = sourcecode.swift; path = FRCircularRadioButton.swift; sourceTree = "<group>"; };
		89611BED2B5E785D00407E32 /* FRTextField.swift */ = {isa = PBXFileReference; lastKnownFileType = sourcecode.swift; path = FRTextField.swift; sourceTree = "<group>"; };
		89611BEF2B5E7AB900407E32 /* HomeSelectBeneficiaryView.swift */ = {isa = PBXFileReference; lastKnownFileType = sourcecode.swift; path = HomeSelectBeneficiaryView.swift; sourceTree = "<group>"; };
		89611BF22B5E7D0600407E32 /* AccountInfoCellView.swift */ = {isa = PBXFileReference; lastKnownFileType = sourcecode.swift; path = AccountInfoCellView.swift; sourceTree = "<group>"; };
		89611BF42B5E966000407E32 /* SimpleHInfoView.swift */ = {isa = PBXFileReference; lastKnownFileType = sourcecode.swift; path = SimpleHInfoView.swift; sourceTree = "<group>"; };
		89611BF62B5E9A4900407E32 /* HomeBeneficiarySummaryView.swift */ = {isa = PBXFileReference; lastKnownFileType = sourcecode.swift; path = HomeBeneficiarySummaryView.swift; sourceTree = "<group>"; };
		89611BF82B5E9A9F00407E32 /* SimpleHInfoCellView.swift */ = {isa = PBXFileReference; lastKnownFileType = sourcecode.swift; path = SimpleHInfoCellView.swift; sourceTree = "<group>"; };
		89611BFA2B5EA5E400407E32 /* HomePayViaFIBView.swift */ = {isa = PBXFileReference; lastKnownFileType = sourcecode.swift; path = HomePayViaFIBView.swift; sourceTree = "<group>"; };
		89611BFC2B5EA66900407E32 /* SimpleDirectedCellView.swift */ = {isa = PBXFileReference; lastKnownFileType = sourcecode.swift; path = SimpleDirectedCellView.swift; sourceTree = "<group>"; };
		89740D312B5D120D000ACFBA /* InitialView.swift */ = {isa = PBXFileReference; fileEncoding = 4; lastKnownFileType = sourcecode.swift; path = InitialView.swift; sourceTree = "<group>"; };
		89740D3C2B5D2A0B000ACFBA /* UI.swift */ = {isa = PBXFileReference; lastKnownFileType = sourcecode.swift; path = UI.swift; sourceTree = "<group>"; };
		89740D3F2B5D3883000ACFBA /* FRVerticalButton.swift */ = {isa = PBXFileReference; lastKnownFileType = sourcecode.swift; path = FRVerticalButton.swift; sourceTree = "<group>"; };
		89740D412B5D3907000ACFBA /* FRText.swift */ = {isa = PBXFileReference; lastKnownFileType = sourcecode.swift; path = FRText.swift; sourceTree = "<group>"; };
		89740D442B5D4284000ACFBA /* Colour.swift */ = {isa = PBXFileReference; lastKnownFileType = sourcecode.swift; path = Colour.swift; sourceTree = "<group>"; };
		89740D472B5D558D000ACFBA /* View.swift */ = {isa = PBXFileReference; lastKnownFileType = sourcecode.swift; path = View.swift; sourceTree = "<group>"; };
		89740D4A2B5D5669000ACFBA /* ViewModifier.swift */ = {isa = PBXFileReference; lastKnownFileType = sourcecode.swift; path = ViewModifier.swift; sourceTree = "<group>"; };
		89740D4C2B5D5761000ACFBA /* Image.swift */ = {isa = PBXFileReference; lastKnownFileType = sourcecode.swift; path = Image.swift; sourceTree = "<group>"; };
		89740D4F2B5D6646000ACFBA /* Roboto-Medium.ttf */ = {isa = PBXFileReference; lastKnownFileType = file; path = "Roboto-Medium.ttf"; sourceTree = "<group>"; };
		89740D502B5D6655000ACFBA /* Roboto-Regular.ttf */ = {isa = PBXFileReference; lastKnownFileType = file; path = "Roboto-Regular.ttf"; sourceTree = "<group>"; };
		89740D512B5D6661000ACFBA /* Roboto-Bold.ttf */ = {isa = PBXFileReference; lastKnownFileType = file; path = "Roboto-Bold.ttf"; sourceTree = "<group>"; };
		89740D522B5D66DD000ACFBA /* FIB-Remitt-Info.plist */ = {isa = PBXFileReference; lastKnownFileType = text.plist; path = "FIB-Remitt-Info.plist"; sourceTree = SOURCE_ROOT; };
/* End PBXFileReference section */

/* Begin PBXFrameworksBuildPhase section */
		40711F5E2B5CFD1500F966E7 /* Frameworks */ = {
			isa = PBXFrameworksBuildPhase;
			buildActionMask = 2147483647;
			files = (
			);
			runOnlyForDeploymentPostprocessing = 0;
		};
/* End PBXFrameworksBuildPhase section */

/* Begin PBXGroup section */
		2E0F98F92B5D9EED0094CE9F /* BottomTabBar */ = {
			isa = PBXGroup;
			children = (
				2E0F99012B5DAE260094CE9F /* FRBottomBar.swift */,
				2E0F99002B5DAE260094CE9F /* XBottomBarContainer.swift */,
			);
			path = BottomTabBar;
			sourceTree = "<group>";
		};
		2E0F99042B5DB0910094CE9F /* SettingsTab */ = {
			isa = PBXGroup;
			children = (
				2E0F99052B5DB0B40094CE9F /* SettingsRootView.swift */,
			);
			path = SettingsTab;
			sourceTree = "<group>";
		};
		40711F582B5CFD1500F966E7 = {
			isa = PBXGroup;
			children = (
				40711F632B5CFD1500F966E7 /* FIB Remitt */,
				40711F622B5CFD1500F966E7 /* Products */,
			);
			sourceTree = "<group>";
		};
		40711F622B5CFD1500F966E7 /* Products */ = {
			isa = PBXGroup;
			children = (
				40711F612B5CFD1500F966E7 /* FIB Remitt.app */,
			);
			name = Products;
			sourceTree = "<group>";
		};
		40711F632B5CFD1500F966E7 /* FIB Remitt */ = {
			isa = PBXGroup;
			children = (
				89740D522B5D66DD000ACFBA /* FIB-Remitt-Info.plist */,
				89740D332B5D1CC0000ACFBA /* Modules */,
				89740D342B5D1CD2000ACFBA /* SupportFiles */,
				89740D3A2B5D23C5000ACFBA /* Utils */,
				40711F6A2B5CFD1600F966E7 /* Preview Content */,
			);
			path = "FIB Remitt";
			sourceTree = "<group>";
		};
		40711F6A2B5CFD1600F966E7 /* Preview Content */ = {
			isa = PBXGroup;
			children = (
				40711F6B2B5CFD1600F966E7 /* Preview Assets.xcassets */,
			);
			path = "Preview Content";
			sourceTree = "<group>";
		};
		89611BDD2B5E2A8800407E32 /* Containers */ = {
			isa = PBXGroup;
			children = (
				89611BDE2B5E300300407E32 /* SheetHolder.swift */,
				89611BE52B5E338900407E32 /* FRVContainer.swift */,
			);
			path = Containers;
			sourceTree = "<group>";
		};
		89611BE22B5E326D00407E32 /* Shape */ = {
			isa = PBXGroup;
			children = (
				89611BE32B5E32AD00407E32 /* TopRoundedShape.swift */,
			);
			path = Shape;
			sourceTree = "<group>";
		};
		89611BF12B5E7CA000407E32 /* ViewComponents */ = {
			isa = PBXGroup;
			children = (
				89611BF22B5E7D0600407E32 /* AccountInfoCellView.swift */,
				89611BF82B5E9A9F00407E32 /* SimpleHInfoCellView.swift */,
				89611BFC2B5EA66900407E32 /* SimpleDirectedCellView.swift */,
			);
			path = ViewComponents;
			sourceTree = "<group>";
		};
		89740D332B5D1CC0000ACFBA /* Modules */ = {
			isa = PBXGroup;
			children = (
				89740D352B5D1EA0000ACFBA /* InitialScene */,
				89740D362B5D1EBB000ACFBA /* HomeTab */,
				89740D372B5D1ED0000ACFBA /* BeneficiaryTab */,
				2E0F99042B5DB0910094CE9F /* SettingsTab */,
				89740D382B5D1F04000ACFBA /* HistoryTab */,
				2E0F98F92B5D9EED0094CE9F /* BottomTabBar */,
				89740D392B5D226C000ACFBA /* Common Components */,
			);
			path = Modules;
			sourceTree = "<group>";
		};
		89740D342B5D1CD2000ACFBA /* SupportFiles */ = {
			isa = PBXGroup;
			children = (
				89740D4E2B5D662B000ACFBA /* Fonts */,
				40711F642B5CFD1500F966E7 /* FIB_RemittApp.swift */,
				40711F682B5CFD1600F966E7 /* Assets.xcassets */,
			);
			path = SupportFiles;
			sourceTree = "<group>";
		};
		89740D352B5D1EA0000ACFBA /* InitialScene */ = {
			isa = PBXGroup;
			children = (
				89740D312B5D120D000ACFBA /* InitialView.swift */,
			);
			path = InitialScene;
			sourceTree = "<group>";
		};
		89740D362B5D1EBB000ACFBA /* HomeTab */ = {
			isa = PBXGroup;
			children = (
				2E0F98FA2B5D9FCE0094CE9F /* HomeRootView.swift */,
				89611BEF2B5E7AB900407E32 /* HomeSelectBeneficiaryView.swift */,
				89611BF62B5E9A4900407E32 /* HomeBeneficiarySummaryView.swift */,
				89611BFA2B5EA5E400407E32 /* HomePayViaFIBView.swift */,
			);
			path = HomeTab;
			sourceTree = "<group>";
		};
		89740D372B5D1ED0000ACFBA /* BeneficiaryTab */ = {
			isa = PBXGroup;
			children = (
				2E0F98FE2B5DA0590094CE9F /* BeneficiaryRootView.swift */,
			);
			path = BeneficiaryTab;
			sourceTree = "<group>";
		};
		89740D382B5D1F04000ACFBA /* HistoryTab */ = {
			isa = PBXGroup;
			children = (
				2E0F98FC2B5DA00E0094CE9F /* HistoryRootView.swift */,
			);
			path = HistoryTab;
			sourceTree = "<group>";
		};
		89740D392B5D226C000ACFBA /* Common Components */ = {
			isa = PBXGroup;
			children = (
				89740D432B5D3958000ACFBA /* MicroComponents */,
				89611BF12B5E7CA000407E32 /* ViewComponents */,
				89611BDD2B5E2A8800407E32 /* Containers */,
				89740D3E2B5D385A000ACFBA /* Buttons */,
				89611BE22B5E326D00407E32 /* Shape */,
			);
			path = "Common Components";
			sourceTree = "<group>";
		};
		89740D3A2B5D23C5000ACFBA /* Utils */ = {
			isa = PBXGroup;
			children = (
				89740D492B5D5639000ACFBA /* Modifiers */,
				89740D462B5D5515000ACFBA /* Extensions */,
				89740D3B2B5D25B5000ACFBA /* Constant */,
				89611BE02B5E31E400407E32 /* Utils.swift */,
			);
			path = Utils;
			sourceTree = "<group>";
		};
		89740D3B2B5D25B5000ACFBA /* Constant */ = {
			isa = PBXGroup;
			children = (
				89740D3C2B5D2A0B000ACFBA /* UI.swift */,
				89740D442B5D4284000ACFBA /* Colour.swift */,
			);
			path = Constant;
			sourceTree = "<group>";
		};
		89740D3E2B5D385A000ACFBA /* Buttons */ = {
			isa = PBXGroup;
			children = (
				89740D3F2B5D3883000ACFBA /* FRVerticalButton.swift */,
				89611BE72B5E3A6D00407E32 /* FRCheckbox.swift */,
				89611BEB2B5E4F4300407E32 /* FRCircularRadioButton.swift */,
				89611BE92B5E464B00407E32 /* FRSimpleDropDownButton.swift */,
			);
			path = Buttons;
			sourceTree = "<group>";
		};
		89740D432B5D3958000ACFBA /* MicroComponents */ = {
			isa = PBXGroup;
			children = (
				89740D412B5D3907000ACFBA /* FRText.swift */,
				89611BED2B5E785D00407E32 /* FRTextField.swift */,
				89611BF42B5E966000407E32 /* SimpleHInfoView.swift */,
			);
			path = MicroComponents;
			sourceTree = "<group>";
		};
		89740D462B5D5515000ACFBA /* Extensions */ = {
			isa = PBXGroup;
			children = (
				89740D472B5D558D000ACFBA /* View.swift */,
				89740D4C2B5D5761000ACFBA /* Image.swift */,
			);
			path = Extensions;
			sourceTree = "<group>";
		};
		89740D492B5D5639000ACFBA /* Modifiers */ = {
			isa = PBXGroup;
			children = (
				89740D4A2B5D5669000ACFBA /* ViewModifier.swift */,
			);
			path = Modifiers;
			sourceTree = "<group>";
		};
		89740D4E2B5D662B000ACFBA /* Fonts */ = {
			isa = PBXGroup;
			children = (
				89740D512B5D6661000ACFBA /* Roboto-Bold.ttf */,
				89740D502B5D6655000ACFBA /* Roboto-Regular.ttf */,
				89740D4F2B5D6646000ACFBA /* Roboto-Medium.ttf */,
			);
			path = Fonts;
			sourceTree = "<group>";
		};
/* End PBXGroup section */

/* Begin PBXNativeTarget section */
		40711F602B5CFD1500F966E7 /* FIB Remitt */ = {
			isa = PBXNativeTarget;
			buildConfigurationList = 40711F742B5CFD1600F966E7 /* Build configuration list for PBXNativeTarget "FIB Remitt" */;
			buildPhases = (
				40711F5D2B5CFD1500F966E7 /* Sources */,
				40711F5E2B5CFD1500F966E7 /* Frameworks */,
				40711F5F2B5CFD1500F966E7 /* Resources */,
			);
			buildRules = (
			);
			dependencies = (
			);
			name = "FIB Remitt";
			productName = "FIB Remitt";
			productReference = 40711F612B5CFD1500F966E7 /* FIB Remitt.app */;
			productType = "com.apple.product-type.application";
		};
/* End PBXNativeTarget section */

/* Begin PBXProject section */
		40711F592B5CFD1500F966E7 /* Project object */ = {
			isa = PBXProject;
			attributes = {
				BuildIndependentTargetsInParallel = 1;
				LastSwiftUpdateCheck = 1500;
				LastUpgradeCheck = 1500;
				TargetAttributes = {
					40711F602B5CFD1500F966E7 = {
						CreatedOnToolsVersion = 15.0.1;
					};
				};
			};
			buildConfigurationList = 40711F5C2B5CFD1500F966E7 /* Build configuration list for PBXProject "FIB Remitt" */;
			compatibilityVersion = "Xcode 14.0";
			developmentRegion = en;
			hasScannedForEncodings = 0;
			knownRegions = (
				en,
				Base,
			);
			mainGroup = 40711F582B5CFD1500F966E7;
			productRefGroup = 40711F622B5CFD1500F966E7 /* Products */;
			projectDirPath = "";
			projectRoot = "";
			targets = (
				40711F602B5CFD1500F966E7 /* FIB Remitt */,
			);
		};
/* End PBXProject section */

/* Begin PBXResourcesBuildPhase section */
		40711F5F2B5CFD1500F966E7 /* Resources */ = {
			isa = PBXResourcesBuildPhase;
			buildActionMask = 2147483647;
			files = (
				89740D552B5D691B000ACFBA /* Roboto-Medium.ttf in Resources */,
				40711F6C2B5CFD1600F966E7 /* Preview Assets.xcassets in Resources */,
				40711F692B5CFD1600F966E7 /* Assets.xcassets in Resources */,
				89740D542B5D6918000ACFBA /* Roboto-Regular.ttf in Resources */,
				89740D532B5D6915000ACFBA /* Roboto-Bold.ttf in Resources */,
			);
			runOnlyForDeploymentPostprocessing = 0;
		};
/* End PBXResourcesBuildPhase section */

/* Begin PBXSourcesBuildPhase section */
		40711F5D2B5CFD1500F966E7 /* Sources */ = {
			isa = PBXSourcesBuildPhase;
			buildActionMask = 2147483647;
			files = (
				89740D322B5D120D000ACFBA /* InitialView.swift in Sources */,
				89611BE62B5E338900407E32 /* FRVContainer.swift in Sources */,
				89611BE42B5E32AD00407E32 /* TopRoundedShape.swift in Sources */,
				2E0F99032B5DAE260094CE9F /* FRBottomBar.swift in Sources */,
				2E0F99022B5DAE260094CE9F /* XBottomBarContainer.swift in Sources */,
				89611BF92B5E9A9F00407E32 /* SimpleHInfoCellView.swift in Sources */,
				89611BDF2B5E300300407E32 /* SheetHolder.swift in Sources */,
				89611BEC2B5E4F4300407E32 /* FRCircularRadioButton.swift in Sources */,
				89611BF02B5E7AB900407E32 /* HomeSelectBeneficiaryView.swift in Sources */,
				89740D4D2B5D5762000ACFBA /* Image.swift in Sources */,
				40711F652B5CFD1500F966E7 /* FIB_RemittApp.swift in Sources */,
				2E0F99062B5DB0B40094CE9F /* SettingsRootView.swift in Sources */,
				89611BE82B5E3A6D00407E32 /* FRCheckbox.swift in Sources */,
				89611BFB2B5EA5E400407E32 /* HomePayViaFIBView.swift in Sources */,
				2E0F98FB2B5D9FCE0094CE9F /* HomeRootView.swift in Sources */,
				2E0F98FF2B5DA0590094CE9F /* BeneficiaryRootView.swift in Sources */,
				89611BE12B5E31E400407E32 /* Utils.swift in Sources */,
				89611BEA2B5E464B00407E32 /* FRSimpleDropDownButton.swift in Sources */,
				89740D422B5D3907000ACFBA /* FRText.swift in Sources */,
				89611BF72B5E9A4900407E32 /* HomeBeneficiarySummaryView.swift in Sources */,
				89611BEE2B5E785D00407E32 /* FRTextField.swift in Sources */,
				89740D3D2B5D2A0B000ACFBA /* UI.swift in Sources */,
				89611BFD2B5EA66900407E32 /* SimpleDirectedCellView.swift in Sources */,
				89611BF52B5E966000407E32 /* SimpleHInfoView.swift in Sources */,
				2E0F98FD2B5DA00E0094CE9F /* HistoryRootView.swift in Sources */,
				89740D402B5D3883000ACFBA /* FRVerticalButton.swift in Sources */,
				89740D482B5D558D000ACFBA /* View.swift in Sources */,
				89740D452B5D4284000ACFBA /* Colour.swift in Sources */,
				89611BF32B5E7D0600407E32 /* AccountInfoCellView.swift in Sources */,
				89740D4B2B5D5669000ACFBA /* ViewModifier.swift in Sources */,
			);
			runOnlyForDeploymentPostprocessing = 0;
		};
/* End PBXSourcesBuildPhase section */

/* Begin XCBuildConfiguration section */
		40711F722B5CFD1600F966E7 /* Debug */ = {
			isa = XCBuildConfiguration;
			buildSettings = {
				ALWAYS_SEARCH_USER_PATHS = NO;
				ASSETCATALOG_COMPILER_GENERATE_SWIFT_ASSET_SYMBOL_EXTENSIONS = YES;
				CLANG_ANALYZER_NONNULL = YES;
				CLANG_ANALYZER_NUMBER_OBJECT_CONVERSION = YES_AGGRESSIVE;
				CLANG_CXX_LANGUAGE_STANDARD = "gnu++20";
				CLANG_ENABLE_MODULES = YES;
				CLANG_ENABLE_OBJC_ARC = YES;
				CLANG_ENABLE_OBJC_WEAK = YES;
				CLANG_WARN_BLOCK_CAPTURE_AUTORELEASING = YES;
				CLANG_WARN_BOOL_CONVERSION = YES;
				CLANG_WARN_COMMA = YES;
				CLANG_WARN_CONSTANT_CONVERSION = YES;
				CLANG_WARN_DEPRECATED_OBJC_IMPLEMENTATIONS = YES;
				CLANG_WARN_DIRECT_OBJC_ISA_USAGE = YES_ERROR;
				CLANG_WARN_DOCUMENTATION_COMMENTS = YES;
				CLANG_WARN_EMPTY_BODY = YES;
				CLANG_WARN_ENUM_CONVERSION = YES;
				CLANG_WARN_INFINITE_RECURSION = YES;
				CLANG_WARN_INT_CONVERSION = YES;
				CLANG_WARN_NON_LITERAL_NULL_CONVERSION = YES;
				CLANG_WARN_OBJC_IMPLICIT_RETAIN_SELF = YES;
				CLANG_WARN_OBJC_LITERAL_CONVERSION = YES;
				CLANG_WARN_OBJC_ROOT_CLASS = YES_ERROR;
				CLANG_WARN_QUOTED_INCLUDE_IN_FRAMEWORK_HEADER = YES;
				CLANG_WARN_RANGE_LOOP_ANALYSIS = YES;
				CLANG_WARN_STRICT_PROTOTYPES = YES;
				CLANG_WARN_SUSPICIOUS_MOVE = YES;
				CLANG_WARN_UNGUARDED_AVAILABILITY = YES_AGGRESSIVE;
				CLANG_WARN_UNREACHABLE_CODE = YES;
				CLANG_WARN__DUPLICATE_METHOD_MATCH = YES;
				COPY_PHASE_STRIP = NO;
				DEBUG_INFORMATION_FORMAT = dwarf;
				ENABLE_STRICT_OBJC_MSGSEND = YES;
				ENABLE_TESTABILITY = YES;
				ENABLE_USER_SCRIPT_SANDBOXING = YES;
				GCC_C_LANGUAGE_STANDARD = gnu17;
				GCC_DYNAMIC_NO_PIC = NO;
				GCC_NO_COMMON_BLOCKS = YES;
				GCC_OPTIMIZATION_LEVEL = 0;
				GCC_PREPROCESSOR_DEFINITIONS = (
					"DEBUG=1",
					"$(inherited)",
				);
				GCC_WARN_64_TO_32_BIT_CONVERSION = YES;
				GCC_WARN_ABOUT_RETURN_TYPE = YES_ERROR;
				GCC_WARN_UNDECLARED_SELECTOR = YES;
				GCC_WARN_UNINITIALIZED_AUTOS = YES_AGGRESSIVE;
				GCC_WARN_UNUSED_FUNCTION = YES;
				GCC_WARN_UNUSED_VARIABLE = YES;
				IPHONEOS_DEPLOYMENT_TARGET = 17.0;
				LOCALIZATION_PREFERS_STRING_CATALOGS = YES;
				MTL_ENABLE_DEBUG_INFO = INCLUDE_SOURCE;
				MTL_FAST_MATH = YES;
				ONLY_ACTIVE_ARCH = YES;
				SDKROOT = iphoneos;
				SWIFT_ACTIVE_COMPILATION_CONDITIONS = "DEBUG $(inherited)";
				SWIFT_OPTIMIZATION_LEVEL = "-Onone";
			};
			name = Debug;
		};
		40711F732B5CFD1600F966E7 /* Release */ = {
			isa = XCBuildConfiguration;
			buildSettings = {
				ALWAYS_SEARCH_USER_PATHS = NO;
				ASSETCATALOG_COMPILER_GENERATE_SWIFT_ASSET_SYMBOL_EXTENSIONS = YES;
				CLANG_ANALYZER_NONNULL = YES;
				CLANG_ANALYZER_NUMBER_OBJECT_CONVERSION = YES_AGGRESSIVE;
				CLANG_CXX_LANGUAGE_STANDARD = "gnu++20";
				CLANG_ENABLE_MODULES = YES;
				CLANG_ENABLE_OBJC_ARC = YES;
				CLANG_ENABLE_OBJC_WEAK = YES;
				CLANG_WARN_BLOCK_CAPTURE_AUTORELEASING = YES;
				CLANG_WARN_BOOL_CONVERSION = YES;
				CLANG_WARN_COMMA = YES;
				CLANG_WARN_CONSTANT_CONVERSION = YES;
				CLANG_WARN_DEPRECATED_OBJC_IMPLEMENTATIONS = YES;
				CLANG_WARN_DIRECT_OBJC_ISA_USAGE = YES_ERROR;
				CLANG_WARN_DOCUMENTATION_COMMENTS = YES;
				CLANG_WARN_EMPTY_BODY = YES;
				CLANG_WARN_ENUM_CONVERSION = YES;
				CLANG_WARN_INFINITE_RECURSION = YES;
				CLANG_WARN_INT_CONVERSION = YES;
				CLANG_WARN_NON_LITERAL_NULL_CONVERSION = YES;
				CLANG_WARN_OBJC_IMPLICIT_RETAIN_SELF = YES;
				CLANG_WARN_OBJC_LITERAL_CONVERSION = YES;
				CLANG_WARN_OBJC_ROOT_CLASS = YES_ERROR;
				CLANG_WARN_QUOTED_INCLUDE_IN_FRAMEWORK_HEADER = YES;
				CLANG_WARN_RANGE_LOOP_ANALYSIS = YES;
				CLANG_WARN_STRICT_PROTOTYPES = YES;
				CLANG_WARN_SUSPICIOUS_MOVE = YES;
				CLANG_WARN_UNGUARDED_AVAILABILITY = YES_AGGRESSIVE;
				CLANG_WARN_UNREACHABLE_CODE = YES;
				CLANG_WARN__DUPLICATE_METHOD_MATCH = YES;
				COPY_PHASE_STRIP = NO;
				DEBUG_INFORMATION_FORMAT = "dwarf-with-dsym";
				ENABLE_NS_ASSERTIONS = NO;
				ENABLE_STRICT_OBJC_MSGSEND = YES;
				ENABLE_USER_SCRIPT_SANDBOXING = YES;
				GCC_C_LANGUAGE_STANDARD = gnu17;
				GCC_NO_COMMON_BLOCKS = YES;
				GCC_WARN_64_TO_32_BIT_CONVERSION = YES;
				GCC_WARN_ABOUT_RETURN_TYPE = YES_ERROR;
				GCC_WARN_UNDECLARED_SELECTOR = YES;
				GCC_WARN_UNINITIALIZED_AUTOS = YES_AGGRESSIVE;
				GCC_WARN_UNUSED_FUNCTION = YES;
				GCC_WARN_UNUSED_VARIABLE = YES;
				IPHONEOS_DEPLOYMENT_TARGET = 17.0;
				LOCALIZATION_PREFERS_STRING_CATALOGS = YES;
				MTL_ENABLE_DEBUG_INFO = NO;
				MTL_FAST_MATH = YES;
				SDKROOT = iphoneos;
				SWIFT_COMPILATION_MODE = wholemodule;
				VALIDATE_PRODUCT = YES;
			};
			name = Release;
		};
		40711F752B5CFD1600F966E7 /* Debug */ = {
			isa = XCBuildConfiguration;
			buildSettings = {
				ASSETCATALOG_COMPILER_APPICON_NAME = AppIcon;
				ASSETCATALOG_COMPILER_GLOBAL_ACCENT_COLOR_NAME = AccentColor;
				CODE_SIGN_STYLE = Automatic;
				CURRENT_PROJECT_VERSION = 1;
				DEVELOPMENT_ASSET_PATHS = "\"FIB Remitt/Preview Content\"";
				DEVELOPMENT_TEAM = 5F92FMJYFX;
				ENABLE_PREVIEWS = YES;
				GENERATE_INFOPLIST_FILE = YES;
				INFOPLIST_FILE = "FIB-Remitt-Info.plist";
				INFOPLIST_KEY_UIApplicationSceneManifest_Generation = YES;
				INFOPLIST_KEY_UIApplicationSupportsIndirectInputEvents = YES;
				INFOPLIST_KEY_UILaunchScreen_Generation = YES;
				INFOPLIST_KEY_UISupportedInterfaceOrientations_iPad = "UIInterfaceOrientationPortrait UIInterfaceOrientationPortraitUpsideDown UIInterfaceOrientationLandscapeLeft UIInterfaceOrientationLandscapeRight";
				INFOPLIST_KEY_UISupportedInterfaceOrientations_iPhone = "UIInterfaceOrientationPortrait UIInterfaceOrientationLandscapeLeft UIInterfaceOrientationLandscapeRight";
				LD_RUNPATH_SEARCH_PATHS = (
					"$(inherited)",
					"@executable_path/Frameworks",
				);
				MARKETING_VERSION = 1.0;
				PRODUCT_BUNDLE_IDENTIFIER = com.fib.services;
				PRODUCT_NAME = "$(TARGET_NAME)";
				SWIFT_EMIT_LOC_STRINGS = YES;
				SWIFT_VERSION = 5.0;
				TARGETED_DEVICE_FAMILY = "1,2";
			};
			name = Debug;
		};
		40711F762B5CFD1600F966E7 /* Release */ = {
			isa = XCBuildConfiguration;
			buildSettings = {
				ASSETCATALOG_COMPILER_APPICON_NAME = AppIcon;
				ASSETCATALOG_COMPILER_GLOBAL_ACCENT_COLOR_NAME = AccentColor;
				CODE_SIGN_STYLE = Automatic;
				CURRENT_PROJECT_VERSION = 1;
				DEVELOPMENT_ASSET_PATHS = "\"FIB Remitt/Preview Content\"";
				DEVELOPMENT_TEAM = 5F92FMJYFX;
				ENABLE_PREVIEWS = YES;
				GENERATE_INFOPLIST_FILE = YES;
				INFOPLIST_FILE = "FIB-Remitt-Info.plist";
				INFOPLIST_KEY_UIApplicationSceneManifest_Generation = YES;
				INFOPLIST_KEY_UIApplicationSupportsIndirectInputEvents = YES;
				INFOPLIST_KEY_UILaunchScreen_Generation = YES;
				INFOPLIST_KEY_UISupportedInterfaceOrientations_iPad = "UIInterfaceOrientationPortrait UIInterfaceOrientationPortraitUpsideDown UIInterfaceOrientationLandscapeLeft UIInterfaceOrientationLandscapeRight";
				INFOPLIST_KEY_UISupportedInterfaceOrientations_iPhone = "UIInterfaceOrientationPortrait UIInterfaceOrientationLandscapeLeft UIInterfaceOrientationLandscapeRight";
				LD_RUNPATH_SEARCH_PATHS = (
					"$(inherited)",
					"@executable_path/Frameworks",
				);
				MARKETING_VERSION = 1.0;
				PRODUCT_BUNDLE_IDENTIFIER = com.fib.services;
				PRODUCT_NAME = "$(TARGET_NAME)";
				SWIFT_EMIT_LOC_STRINGS = YES;
				SWIFT_VERSION = 5.0;
				TARGETED_DEVICE_FAMILY = "1,2";
			};
			name = Release;
		};
/* End XCBuildConfiguration section */

/* Begin XCConfigurationList section */
		40711F5C2B5CFD1500F966E7 /* Build configuration list for PBXProject "FIB Remitt" */ = {
			isa = XCConfigurationList;
			buildConfigurations = (
				40711F722B5CFD1600F966E7 /* Debug */,
				40711F732B5CFD1600F966E7 /* Release */,
			);
			defaultConfigurationIsVisible = 0;
			defaultConfigurationName = Release;
		};
		40711F742B5CFD1600F966E7 /* Build configuration list for PBXNativeTarget "FIB Remitt" */ = {
			isa = XCConfigurationList;
			buildConfigurations = (
				40711F752B5CFD1600F966E7 /* Debug */,
				40711F762B5CFD1600F966E7 /* Release */,
			);
			defaultConfigurationIsVisible = 0;
			defaultConfigurationName = Release;
		};
/* End XCConfigurationList section */
	};
	rootObject = 40711F592B5CFD1500F966E7 /* Project object */;
}
