// !$*UTF8*$!
{
	archiveVersion = 1;
	classes = {
	};
	objectVersion = 56;
	objects = {

/* Begin PBXBuildFile section */
		209971842B68CF2F001A6B91 /* FilterCellView.swift in Sources */ = {isa = PBXBuildFile; fileRef = 209971832B68CF2F001A6B91 /* FilterCellView.swift */; };
		209971862B68D0CB001A6B91 /* FilterOptionsView.swift in Sources */ = {isa = PBXBuildFile; fileRef = 209971852B68D0CB001A6B91 /* FilterOptionsView.swift */; };
		2E0F98FB2B5D9FCE0094CE9F /* HomeRootView.swift in Sources */ = {isa = PBXBuildFile; fileRef = 2E0F98FA2B5D9FCE0094CE9F /* HomeRootView.swift */; };
		2E0F98FD2B5DA00E0094CE9F /* HistoryRootView.swift in Sources */ = {isa = PBXBuildFile; fileRef = 2E0F98FC2B5DA00E0094CE9F /* HistoryRootView.swift */; };
		2E0F98FF2B5DA0590094CE9F /* BeneficiaryRootView.swift in Sources */ = {isa = PBXBuildFile; fileRef = 2E0F98FE2B5DA0590094CE9F /* BeneficiaryRootView.swift */; };
		2E0F99022B5DAE260094CE9F /* FRBottomBarContainer.swift in Sources */ = {isa = PBXBuildFile; fileRef = 2E0F99002B5DAE260094CE9F /* FRBottomBarContainer.swift */; };
		2E0F99032B5DAE260094CE9F /* FRBottomBar.swift in Sources */ = {isa = PBXBuildFile; fileRef = 2E0F99012B5DAE260094CE9F /* FRBottomBar.swift */; };
		2E0F99062B5DB0B40094CE9F /* SettingsRootView.swift in Sources */ = {isa = PBXBuildFile; fileRef = 2E0F99052B5DB0B40094CE9F /* SettingsRootView.swift */; };
		2E71DB952B659E6F000A6471 /* SignInResponse.swift in Sources */ = {isa = PBXBuildFile; fileRef = 2E71DB942B659E6F000A6471 /* SignInResponse.swift */; };
		2E71DB992B65A7DB000A6471 /* AuthRepository.swift in Sources */ = {isa = PBXBuildFile; fileRef = 2E71DB982B65A7DB000A6471 /* AuthRepository.swift */; };
		2E91D7072B5EEE7B002983F1 /* HomeTransferSuccessfulView.swift in Sources */ = {isa = PBXBuildFile; fileRef = 2E91D7062B5EEE7B002983F1 /* HomeTransferSuccessfulView.swift */; };
		2E91D7092B5EFEBD002983F1 /* BeneficiaryTypeCellView.swift in Sources */ = {isa = PBXBuildFile; fileRef = 2E91D7082B5EFEBD002983F1 /* BeneficiaryTypeCellView.swift */; };
		2E91D70B2B5F094B002983F1 /* BeneficiaryDetailView.swift in Sources */ = {isa = PBXBuildFile; fileRef = 2E91D70A2B5F094B002983F1 /* BeneficiaryDetailView.swift */; };
		2EA320BB2B77F8FA003C0AB0 /* NavTracker.swift in Sources */ = {isa = PBXBuildFile; fileRef = 2EA320BA2B77F8F9003C0AB0 /* NavTracker.swift */; };
		2EA320BD2B77F985003C0AB0 /* AppSceneEnum.swift in Sources */ = {isa = PBXBuildFile; fileRef = 2EA320BC2B77F985003C0AB0 /* AppSceneEnum.swift */; };
		401CA4B12B68D64B00589966 /* WebLoginView.swift in Sources */ = {isa = PBXBuildFile; fileRef = 401CA4B02B68D64B00589966 /* WebLoginView.swift */; };
		401CA4B32B68EDB000589966 /* Constant.swift in Sources */ = {isa = PBXBuildFile; fileRef = 401CA4B22B68EDB000589966 /* Constant.swift */; };
		40711F652B5CFD1500F966E7 /* FIB_RemittApp.swift in Sources */ = {isa = PBXBuildFile; fileRef = 40711F642B5CFD1500F966E7 /* FIB_RemittApp.swift */; };
		40711F692B5CFD1600F966E7 /* Assets.xcassets in Resources */ = {isa = PBXBuildFile; fileRef = 40711F682B5CFD1600F966E7 /* Assets.xcassets */; };
		40711F6C2B5CFD1600F966E7 /* Preview Assets.xcassets in Resources */ = {isa = PBXBuildFile; fileRef = 40711F6B2B5CFD1600F966E7 /* Preview Assets.xcassets */; };
		408744C72B6B6921003ADE66 /* ResourceAccess.swift in Sources */ = {isa = PBXBuildFile; fileRef = 408744C32B6B6921003ADE66 /* ResourceAccess.swift */; };
		408744C82B6B6921003ADE66 /* Account.swift in Sources */ = {isa = PBXBuildFile; fileRef = 408744C42B6B6921003ADE66 /* Account.swift */; };
		408744C92B6B6921003ADE66 /* RealmAccess.swift in Sources */ = {isa = PBXBuildFile; fileRef = 408744C52B6B6921003ADE66 /* RealmAccess.swift */; };
		408744CA2B6B6921003ADE66 /* JWTTokenModel.swift in Sources */ = {isa = PBXBuildFile; fileRef = 408744C62B6B6921003ADE66 /* JWTTokenModel.swift */; };
		89611BDF2B5E300300407E32 /* SheetHolder.swift in Sources */ = {isa = PBXBuildFile; fileRef = 89611BDE2B5E300300407E32 /* SheetHolder.swift */; };
		89611BE12B5E31E400407E32 /* Utils.swift in Sources */ = {isa = PBXBuildFile; fileRef = 89611BE02B5E31E400407E32 /* Utils.swift */; };
		89611BE42B5E32AD00407E32 /* TopRoundedShape.swift in Sources */ = {isa = PBXBuildFile; fileRef = 89611BE32B5E32AD00407E32 /* TopRoundedShape.swift */; };
		89611BE62B5E338900407E32 /* FRVContainer.swift in Sources */ = {isa = PBXBuildFile; fileRef = 89611BE52B5E338900407E32 /* FRVContainer.swift */; };
		89611BE82B5E3A6D00407E32 /* FRCheckbox.swift in Sources */ = {isa = PBXBuildFile; fileRef = 89611BE72B5E3A6D00407E32 /* FRCheckbox.swift */; };
		89611BEA2B5E464B00407E32 /* FRSimpleDropDownButton.swift in Sources */ = {isa = PBXBuildFile; fileRef = 89611BE92B5E464B00407E32 /* FRSimpleDropDownButton.swift */; };
		89611BEC2B5E4F4300407E32 /* FRCircularRadioButton.swift in Sources */ = {isa = PBXBuildFile; fileRef = 89611BEB2B5E4F4300407E32 /* FRCircularRadioButton.swift */; };
		89611BEE2B5E785D00407E32 /* FRTextField.swift in Sources */ = {isa = PBXBuildFile; fileRef = 89611BED2B5E785D00407E32 /* FRTextField.swift */; };
		89611BF02B5E7AB900407E32 /* HomeSelectBeneficiaryView.swift in Sources */ = {isa = PBXBuildFile; fileRef = 89611BEF2B5E7AB900407E32 /* HomeSelectBeneficiaryView.swift */; };
		89611BF32B5E7D0600407E32 /* AccountInfoCellView.swift in Sources */ = {isa = PBXBuildFile; fileRef = 89611BF22B5E7D0600407E32 /* AccountInfoCellView.swift */; };
		89611BF52B5E966000407E32 /* SimpleHInfoView.swift in Sources */ = {isa = PBXBuildFile; fileRef = 89611BF42B5E966000407E32 /* SimpleHInfoView.swift */; };
		89611BF72B5E9A4900407E32 /* HomeBeneficiarySummaryView.swift in Sources */ = {isa = PBXBuildFile; fileRef = 89611BF62B5E9A4900407E32 /* HomeBeneficiarySummaryView.swift */; };
		89611BF92B5E9A9F00407E32 /* SimpleHInfoCellView.swift in Sources */ = {isa = PBXBuildFile; fileRef = 89611BF82B5E9A9F00407E32 /* SimpleHInfoCellView.swift */; };
		89611BFB2B5EA5E400407E32 /* HomePayViaFIBView.swift in Sources */ = {isa = PBXBuildFile; fileRef = 89611BFA2B5EA5E400407E32 /* HomePayViaFIBView.swift */; };
		89611BFD2B5EA66900407E32 /* SimpleDirectedCellView.swift in Sources */ = {isa = PBXBuildFile; fileRef = 89611BFC2B5EA66900407E32 /* SimpleDirectedCellView.swift */; };
		896EA0BF2B5F811F00FB231A /* EditBeneficiaryBankView.swift in Sources */ = {isa = PBXBuildFile; fileRef = 896EA0BE2B5F811F00FB231A /* EditBeneficiaryBankView.swift */; };
		896EA0C12B5F816100FB231A /* EditBeneficiaryCashPickupView.swift in Sources */ = {isa = PBXBuildFile; fileRef = 896EA0C02B5F816100FB231A /* EditBeneficiaryCashPickupView.swift */; };
		896EA0C32B5F820500FB231A /* BeneficiaryAddSuccessfulView.swift in Sources */ = {isa = PBXBuildFile; fileRef = 896EA0C22B5F820500FB231A /* BeneficiaryAddSuccessfulView.swift */; };
		896EA0C62B5F863600FB231A /* TransactionHistoryCellView.swift in Sources */ = {isa = PBXBuildFile; fileRef = 896EA0C52B5F863600FB231A /* TransactionHistoryCellView.swift */; };
		896EA0C82B5F8D3200FB231A /* FRTextDropDownButton.swift in Sources */ = {isa = PBXBuildFile; fileRef = 896EA0C72B5F8D3200FB231A /* FRTextDropDownButton.swift */; };
		896EA0CA2B5F915500FB231A /* HistoryDetailView.swift in Sources */ = {isa = PBXBuildFile; fileRef = 896EA0C92B5F915500FB231A /* HistoryDetailView.swift */; };
		896EA0CC2B5F956100FB231A /* FRBarButton.swift in Sources */ = {isa = PBXBuildFile; fileRef = 896EA0CB2B5F956100FB231A /* FRBarButton.swift */; };
		896EA0D02B5F9B9300FB231A /* FRNavigationBarView.swift in Sources */ = {isa = PBXBuildFile; fileRef = 896EA0CF2B5F9B9300FB231A /* FRNavigationBarView.swift */; };
		896EA0D62B5FEE6200FB231A /* FRTextButton.swift in Sources */ = {isa = PBXBuildFile; fileRef = 896EA0D52B5FEE6200FB231A /* FRTextButton.swift */; };
		896EA0D82B5FF12C00FB231A /* SplashView.swift in Sources */ = {isa = PBXBuildFile; fileRef = 896EA0D72B5FF12C00FB231A /* SplashView.swift */; };
		896EC25D2B70CA3B007DF3A4 /* BeneficiaryAddedFailedView.swift in Sources */ = {isa = PBXBuildFile; fileRef = 896EC25C2B70CA3B007DF3A4 /* BeneficiaryAddedFailedView.swift */; };
		896EC25F2B70FCAC007DF3A4 /* TransactionDataHandler.swift in Sources */ = {isa = PBXBuildFile; fileRef = 896EC25E2B70FCAC007DF3A4 /* TransactionDataHandler.swift */; };
		89705A672B68D61100307E3E /* CommonBeneficiaryModel.swift in Sources */ = {isa = PBXBuildFile; fileRef = 89705A662B68D61100307E3E /* CommonBeneficiaryModel.swift */; };
		89705A692B68F06900307E3E /* CurrencyPicker.swift in Sources */ = {isa = PBXBuildFile; fileRef = 89705A682B68F06900307E3E /* CurrencyPicker.swift */; };
		89705A6B2B68F56200307E3E /* FRSimpleDirectedButton.swift in Sources */ = {isa = PBXBuildFile; fileRef = 89705A6A2B68F56200307E3E /* FRSimpleDirectedButton.swift */; };
		89705A6D2B68FF4A00307E3E /* BenficiaryDataHandler.swift in Sources */ = {isa = PBXBuildFile; fileRef = 89705A6C2B68FF4A00307E3E /* BenficiaryDataHandler.swift */; };
		89705A702B690DD600307E3E /* AccountInfoCellViewButton.swift in Sources */ = {isa = PBXBuildFile; fileRef = 89705A6F2B690DD600307E3E /* AccountInfoCellViewButton.swift */; };
		89705A722B6924DE00307E3E /* DocPickerView.swift in Sources */ = {isa = PBXBuildFile; fileRef = 89705A712B6924DE00307E3E /* DocPickerView.swift */; };
		89705A742B69360200307E3E /* NationalityPicker.swift in Sources */ = {isa = PBXBuildFile; fileRef = 89705A732B69360200307E3E /* NationalityPicker.swift */; };
		89705A762B69373A00307E3E /* BankPicker.swift in Sources */ = {isa = PBXBuildFile; fileRef = 89705A752B69373A00307E3E /* BankPicker.swift */; };
		89705A7A2B69518000307E3E /* SelectBeneficiaryTypeBottomSheet.swift in Sources */ = {isa = PBXBuildFile; fileRef = 89705A792B69517F00307E3E /* SelectBeneficiaryTypeBottomSheet.swift */; };
		89705A7C2B6A22C600307E3E /* ConversionRateResponse.swift in Sources */ = {isa = PBXBuildFile; fileRef = 89705A7B2B6A22C600307E3E /* ConversionRateResponse.swift */; };
		897228022B665BBD006B4FEE /* NationalityResponse.swift in Sources */ = {isa = PBXBuildFile; fileRef = 897228012B665BBD006B4FEE /* NationalityResponse.swift */; };
		897228042B665CE9006B4FEE /* PurposeResponse.swift in Sources */ = {isa = PBXBuildFile; fileRef = 897228032B665CE9006B4FEE /* PurposeResponse.swift */; };
		897228062B665D8B006B4FEE /* BankResponse.swift in Sources */ = {isa = PBXBuildFile; fileRef = 897228052B665D8B006B4FEE /* BankResponse.swift */; };
		897228082B665DFD006B4FEE /* CurrencyResponse.swift in Sources */ = {isa = PBXBuildFile; fileRef = 897228072B665DFD006B4FEE /* CurrencyResponse.swift */; };
		8972280E2B667744006B4FEE /* HomeRepo.swift in Sources */ = {isa = PBXBuildFile; fileRef = 8972280D2B667744006B4FEE /* HomeRepo.swift */; };
		897228132B667D9E006B4FEE /* CountryCodePickerBtn.swift in Sources */ = {isa = PBXBuildFile; fileRef = 897228112B667D9E006B4FEE /* CountryCodePickerBtn.swift */; };
		897228142B667D9E006B4FEE /* PickerView.swift in Sources */ = {isa = PBXBuildFile; fileRef = 897228122B667D9E006B4FEE /* PickerView.swift */; };
		8972281C2B668943006B4FEE /* CashPickupBeneficiariesResponse.swift in Sources */ = {isa = PBXBuildFile; fileRef = 8972281B2B668943006B4FEE /* CashPickupBeneficiariesResponse.swift */; };
		8972281E2B6689ED006B4FEE /* BeneficiaryRepository.swift in Sources */ = {isa = PBXBuildFile; fileRef = 8972281D2B6689ED006B4FEE /* BeneficiaryRepository.swift */; };
		897228202B669938006B4FEE /* CashPickupBeneficiaryDetailResponse.swift in Sources */ = {isa = PBXBuildFile; fileRef = 8972281F2B669938006B4FEE /* CashPickupBeneficiaryDetailResponse.swift */; };
		897228222B66A21A006B4FEE /* BankBeneficiariesResponse.swift in Sources */ = {isa = PBXBuildFile; fileRef = 897228212B66A21A006B4FEE /* BankBeneficiariesResponse.swift */; };
		897228242B66A71C006B4FEE /* BankBeneficiaryDetailResponse.swift in Sources */ = {isa = PBXBuildFile; fileRef = 897228232B66A71C006B4FEE /* BankBeneficiaryDetailResponse.swift */; };
		89740D322B5D120D000ACFBA /* InitialView.swift in Sources */ = {isa = PBXBuildFile; fileRef = 89740D312B5D120D000ACFBA /* InitialView.swift */; };
		89740D3D2B5D2A0B000ACFBA /* UI.swift in Sources */ = {isa = PBXBuildFile; fileRef = 89740D3C2B5D2A0B000ACFBA /* UI.swift */; };
		89740D402B5D3883000ACFBA /* FRVerticalButton.swift in Sources */ = {isa = PBXBuildFile; fileRef = 89740D3F2B5D3883000ACFBA /* FRVerticalButton.swift */; };
		89740D422B5D3907000ACFBA /* FRText.swift in Sources */ = {isa = PBXBuildFile; fileRef = 89740D412B5D3907000ACFBA /* FRText.swift */; };
		89740D452B5D4284000ACFBA /* Colour.swift in Sources */ = {isa = PBXBuildFile; fileRef = 89740D442B5D4284000ACFBA /* Colour.swift */; };
		89740D482B5D558D000ACFBA /* View.swift in Sources */ = {isa = PBXBuildFile; fileRef = 89740D472B5D558D000ACFBA /* View.swift */; };
		89740D4B2B5D5669000ACFBA /* ViewModifier.swift in Sources */ = {isa = PBXBuildFile; fileRef = 89740D4A2B5D5669000ACFBA /* ViewModifier.swift */; };
		89740D4D2B5D5762000ACFBA /* Image.swift in Sources */ = {isa = PBXBuildFile; fileRef = 89740D4C2B5D5761000ACFBA /* Image.swift */; };
		89740D532B5D6915000ACFBA /* Roboto-Bold.ttf in Resources */ = {isa = PBXBuildFile; fileRef = 89740D512B5D6661000ACFBA /* Roboto-Bold.ttf */; };
		89740D542B5D6918000ACFBA /* Roboto-Regular.ttf in Resources */ = {isa = PBXBuildFile; fileRef = 89740D502B5D6655000ACFBA /* Roboto-Regular.ttf */; };
		89740D552B5D691B000ACFBA /* Roboto-Medium.ttf in Resources */ = {isa = PBXBuildFile; fileRef = 89740D4F2B5D6646000ACFBA /* Roboto-Medium.ttf */; };
		8974F90E2B6786CD007F2522 /* PurposeCellView.swift in Sources */ = {isa = PBXBuildFile; fileRef = 8974F90D2B6786CD007F2522 /* PurposeCellView.swift */; };
		8974F9102B67A3F2007F2522 /* HomeDataHandler.swift in Sources */ = {isa = PBXBuildFile; fileRef = 8974F90F2B67A3F2007F2522 /* HomeDataHandler.swift */; };
		8974F9132B67A91C007F2522 /* FRSimpleStaticPicker.swift in Sources */ = {isa = PBXBuildFile; fileRef = 8974F9122B67A91C007F2522 /* FRSimpleStaticPicker.swift */; };
		8974F9152B67AAA1007F2522 /* PurposePicker.swift in Sources */ = {isa = PBXBuildFile; fileRef = 8974F9142B67AAA1007F2522 /* PurposePicker.swift */; };
		8974F9182B67ADDC007F2522 /* FRSearchBar.swift in Sources */ = {isa = PBXBuildFile; fileRef = 8974F9172B67ADDC007F2522 /* FRSearchBar.swift */; };
		8974F91A2B67AE3D007F2522 /* FRTitledSearchField.swift in Sources */ = {isa = PBXBuildFile; fileRef = 8974F9192B67AE3D007F2522 /* FRTitledSearchField.swift */; };
		8974F91C2B67D305007F2522 /* BeneficiaryEnum.swift in Sources */ = {isa = PBXBuildFile; fileRef = 8974F91B2B67D305007F2522 /* BeneficiaryEnum.swift */; };
		897A10ED2B62401B002CF87D /* APIManager.swift in Sources */ = {isa = PBXBuildFile; fileRef = 897A10EB2B62401B002CF87D /* APIManager.swift */; };
		897A10EE2B62401B002CF87D /* EndPoint.swift in Sources */ = {isa = PBXBuildFile; fileRef = 897A10EC2B62401B002CF87D /* EndPoint.swift */; };
		897A10F02B626B5C002CF87D /* Network.swift in Sources */ = {isa = PBXBuildFile; fileRef = 897A10EF2B626B5C002CF87D /* Network.swift */; };
		897A10F32B626BF7002CF87D /* LoaderManager.swift in Sources */ = {isa = PBXBuildFile; fileRef = 897A10F22B626BF7002CF87D /* LoaderManager.swift */; };
		897A10F52B626C5C002CF87D /* FIBLoaderView.swift in Sources */ = {isa = PBXBuildFile; fileRef = 897A10F42B626C5C002CF87D /* FIBLoaderView.swift */; };
		897A10F72B626DF4002CF87D /* UserSettings.swift in Sources */ = {isa = PBXBuildFile; fileRef = 897A10F62B626DF4002CF87D /* UserSettings.swift */; };
		897A10FA2B626F21002CF87D /* EmptyResponse.swift in Sources */ = {isa = PBXBuildFile; fileRef = 897A10F92B626F20002CF87D /* EmptyResponse.swift */; };
		897A10FC2B628285002CF87D /* FRSimpleDirectedCellButton.swift in Sources */ = {isa = PBXBuildFile; fileRef = 897A10FB2B628285002CF87D /* FRSimpleDirectedCellButton.swift */; };
		8988E8EC2B62360100741F58 /* DeliveryMethodEnum.swift in Sources */ = {isa = PBXBuildFile; fileRef = 8988E8EB2B62360100741F58 /* DeliveryMethodEnum.swift */; };
		8997492E2B60DB1100DEBD8C /* AuthViewModel.swift in Sources */ = {isa = PBXBuildFile; fileRef = 8997492D2B60DB1100DEBD8C /* AuthViewModel.swift */; };
		899749312B60EE7600DEBD8C /* FRImageButton.swift in Sources */ = {isa = PBXBuildFile; fileRef = 899749302B60EE7600DEBD8C /* FRImageButton.swift */; };
		899749332B60F16400DEBD8C /* FRHContainer.swift in Sources */ = {isa = PBXBuildFile; fileRef = 899749322B60F16400DEBD8C /* FRHContainer.swift */; };
		899749352B61150C00DEBD8C /* FRVerticalField.swift in Sources */ = {isa = PBXBuildFile; fileRef = 899749342B61150C00DEBD8C /* FRVerticalField.swift */; };
		899749372B61494D00DEBD8C /* HomeViewModel.swift in Sources */ = {isa = PBXBuildFile; fileRef = 899749362B61494D00DEBD8C /* HomeViewModel.swift */; };
		899749392B615C4F00DEBD8C /* BeneficiaryViewModel.swift in Sources */ = {isa = PBXBuildFile; fileRef = 899749382B615C4F00DEBD8C /* BeneficiaryViewModel.swift */; };
		8997493B2B615EC200DEBD8C /* TransactionHistoryViewModel.swift in Sources */ = {isa = PBXBuildFile; fileRef = 8997493A2B615EC200DEBD8C /* TransactionHistoryViewModel.swift */; };
		899F1D2E2B66477000E7B35F /* HistoryListResponse.swift in Sources */ = {isa = PBXBuildFile; fileRef = 899F1D2D2B66477000E7B35F /* HistoryListResponse.swift */; };
		899F1D322B6649DB00E7B35F /* TransactionListRepository.swift in Sources */ = {isa = PBXBuildFile; fileRef = 899F1D312B6649DB00E7B35F /* TransactionListRepository.swift */; };
		899F1D382B66687A00E7B35F /* TransactionDetailsResponse.swift in Sources */ = {isa = PBXBuildFile; fileRef = 899F1D372B66687A00E7B35F /* TransactionDetailsResponse.swift */; };
		899F1D3A2B66721000E7B35F /* TransactionDetailsViewModel.swift in Sources */ = {isa = PBXBuildFile; fileRef = 899F1D392B66721000E7B35F /* TransactionDetailsViewModel.swift */; };
		899F1D3C2B66722800E7B35F /* TransactionDetailsRepository.swift in Sources */ = {isa = PBXBuildFile; fileRef = 899F1D3B2B66722800E7B35F /* TransactionDetailsRepository.swift */; };
		89C1C96A2B6B826000DA70AF /* HomeEnum.swift in Sources */ = {isa = PBXBuildFile; fileRef = 89C1C9692B6B826000DA70AF /* HomeEnum.swift */; };
		9248954BA1DA9AF72EF8DF96 /* Pods_FIB_Remitt.framework in Frameworks */ = {isa = PBXBuildFile; fileRef = AB6DF2A766BA4E68BB0134D7 /* Pods_FIB_Remitt.framework */; };
		A8737DFF2B68D531008A2465 /* StringData.swift in Sources */ = {isa = PBXBuildFile; fileRef = A8737DFE2B68D531008A2465 /* StringData.swift */; };
		A8737E062B6BB3BB008A2465 /* FibPaymentCheck.swift in Sources */ = {isa = PBXBuildFile; fileRef = A8737E052B6BB3BB008A2465 /* FibPaymentCheck.swift */; };
		A8737E082B6BB989008A2465 /* PaymentCheckResponse.swift in Sources */ = {isa = PBXBuildFile; fileRef = A8737E072B6BB989008A2465 /* PaymentCheckResponse.swift */; };
		A8CA78602B66ABA700C383C8 /* BankCollectionResponse.swift in Sources */ = {isa = PBXBuildFile; fileRef = A8CA785F2B66ABA700C383C8 /* BankCollectionResponse.swift */; };
		A8CA78642B66BFC500C383C8 /* ConfirmationByTransactionResponse.swift in Sources */ = {isa = PBXBuildFile; fileRef = A8CA78632B66BFC500C383C8 /* ConfirmationByTransactionResponse.swift */; };
		A8CA78672B677C8200C383C8 /* FilePickerView.swift in Sources */ = {isa = PBXBuildFile; fileRef = A8CA78662B677C8200C383C8 /* FilePickerView.swift */; };
		A8CA78692B67854800C383C8 /* FilePickerCellView.swift in Sources */ = {isa = PBXBuildFile; fileRef = A8CA78682B67854800C383C8 /* FilePickerCellView.swift */; };
		A8CA786B2B67D24600C383C8 /* Enums.swift in Sources */ = {isa = PBXBuildFile; fileRef = A8CA786A2B67D24600C383C8 /* Enums.swift */; };
/* End PBXBuildFile section */

/* Begin PBXFileReference section */
		209971832B68CF2F001A6B91 /* FilterCellView.swift */ = {isa = PBXFileReference; lastKnownFileType = sourcecode.swift; path = FilterCellView.swift; sourceTree = "<group>"; };
		209971852B68D0CB001A6B91 /* FilterOptionsView.swift */ = {isa = PBXFileReference; lastKnownFileType = sourcecode.swift; path = FilterOptionsView.swift; sourceTree = "<group>"; };
		2DA127C8347C3157FCEE541E /* Pods-FIB Remitt.debug.xcconfig */ = {isa = PBXFileReference; includeInIndex = 1; lastKnownFileType = text.xcconfig; name = "Pods-FIB Remitt.debug.xcconfig"; path = "Target Support Files/Pods-FIB Remitt/Pods-FIB Remitt.debug.xcconfig"; sourceTree = "<group>"; };
		2E0F98FA2B5D9FCE0094CE9F /* HomeRootView.swift */ = {isa = PBXFileReference; lastKnownFileType = sourcecode.swift; path = HomeRootView.swift; sourceTree = "<group>"; };
		2E0F98FC2B5DA00E0094CE9F /* HistoryRootView.swift */ = {isa = PBXFileReference; lastKnownFileType = sourcecode.swift; path = HistoryRootView.swift; sourceTree = "<group>"; };
		2E0F98FE2B5DA0590094CE9F /* BeneficiaryRootView.swift */ = {isa = PBXFileReference; lastKnownFileType = sourcecode.swift; path = BeneficiaryRootView.swift; sourceTree = "<group>"; };
		2E0F99002B5DAE260094CE9F /* FRBottomBarContainer.swift */ = {isa = PBXFileReference; fileEncoding = 4; lastKnownFileType = sourcecode.swift; path = FRBottomBarContainer.swift; sourceTree = "<group>"; };
		2E0F99012B5DAE260094CE9F /* FRBottomBar.swift */ = {isa = PBXFileReference; fileEncoding = 4; lastKnownFileType = sourcecode.swift; path = FRBottomBar.swift; sourceTree = "<group>"; };
		2E0F99052B5DB0B40094CE9F /* SettingsRootView.swift */ = {isa = PBXFileReference; lastKnownFileType = sourcecode.swift; path = SettingsRootView.swift; sourceTree = "<group>"; };
		2E71DB942B659E6F000A6471 /* SignInResponse.swift */ = {isa = PBXFileReference; lastKnownFileType = sourcecode.swift; path = SignInResponse.swift; sourceTree = "<group>"; };
		2E71DB982B65A7DB000A6471 /* AuthRepository.swift */ = {isa = PBXFileReference; lastKnownFileType = sourcecode.swift; path = AuthRepository.swift; sourceTree = "<group>"; };
		2E91D7062B5EEE7B002983F1 /* HomeTransferSuccessfulView.swift */ = {isa = PBXFileReference; lastKnownFileType = sourcecode.swift; path = HomeTransferSuccessfulView.swift; sourceTree = "<group>"; };
		2E91D7082B5EFEBD002983F1 /* BeneficiaryTypeCellView.swift */ = {isa = PBXFileReference; lastKnownFileType = sourcecode.swift; path = BeneficiaryTypeCellView.swift; sourceTree = "<group>"; };
		2E91D70A2B5F094B002983F1 /* BeneficiaryDetailView.swift */ = {isa = PBXFileReference; lastKnownFileType = sourcecode.swift; path = BeneficiaryDetailView.swift; sourceTree = "<group>"; };
		2EA320BA2B77F8F9003C0AB0 /* NavTracker.swift */ = {isa = PBXFileReference; lastKnownFileType = sourcecode.swift; path = NavTracker.swift; sourceTree = "<group>"; };
		2EA320BC2B77F985003C0AB0 /* AppSceneEnum.swift */ = {isa = PBXFileReference; lastKnownFileType = sourcecode.swift; path = AppSceneEnum.swift; sourceTree = "<group>"; };
		401CA4B02B68D64B00589966 /* WebLoginView.swift */ = {isa = PBXFileReference; lastKnownFileType = sourcecode.swift; path = WebLoginView.swift; sourceTree = "<group>"; };
		401CA4B22B68EDB000589966 /* Constant.swift */ = {isa = PBXFileReference; lastKnownFileType = sourcecode.swift; path = Constant.swift; sourceTree = "<group>"; };
		40711F612B5CFD1500F966E7 /* FIB Remitt.app */ = {isa = PBXFileReference; explicitFileType = wrapper.application; includeInIndex = 0; path = "FIB Remitt.app"; sourceTree = BUILT_PRODUCTS_DIR; };
		40711F642B5CFD1500F966E7 /* FIB_RemittApp.swift */ = {isa = PBXFileReference; lastKnownFileType = sourcecode.swift; path = FIB_RemittApp.swift; sourceTree = "<group>"; };
		40711F682B5CFD1600F966E7 /* Assets.xcassets */ = {isa = PBXFileReference; lastKnownFileType = folder.assetcatalog; path = Assets.xcassets; sourceTree = "<group>"; };
		40711F6B2B5CFD1600F966E7 /* Preview Assets.xcassets */ = {isa = PBXFileReference; lastKnownFileType = folder.assetcatalog; path = "Preview Assets.xcassets"; sourceTree = "<group>"; };
		408744C32B6B6921003ADE66 /* ResourceAccess.swift */ = {isa = PBXFileReference; fileEncoding = 4; lastKnownFileType = sourcecode.swift; path = ResourceAccess.swift; sourceTree = "<group>"; };
		408744C42B6B6921003ADE66 /* Account.swift */ = {isa = PBXFileReference; fileEncoding = 4; lastKnownFileType = sourcecode.swift; path = Account.swift; sourceTree = "<group>"; };
		408744C52B6B6921003ADE66 /* RealmAccess.swift */ = {isa = PBXFileReference; fileEncoding = 4; lastKnownFileType = sourcecode.swift; path = RealmAccess.swift; sourceTree = "<group>"; };
		408744C62B6B6921003ADE66 /* JWTTokenModel.swift */ = {isa = PBXFileReference; fileEncoding = 4; lastKnownFileType = sourcecode.swift; path = JWTTokenModel.swift; sourceTree = "<group>"; };
		541E218C4505AE18176251D8 /* Pods-FIB Remitt.release.xcconfig */ = {isa = PBXFileReference; includeInIndex = 1; lastKnownFileType = text.xcconfig; name = "Pods-FIB Remitt.release.xcconfig"; path = "Target Support Files/Pods-FIB Remitt/Pods-FIB Remitt.release.xcconfig"; sourceTree = "<group>"; };
		89611BDE2B5E300300407E32 /* SheetHolder.swift */ = {isa = PBXFileReference; lastKnownFileType = sourcecode.swift; path = SheetHolder.swift; sourceTree = "<group>"; };
		89611BE02B5E31E400407E32 /* Utils.swift */ = {isa = PBXFileReference; lastKnownFileType = sourcecode.swift; path = Utils.swift; sourceTree = "<group>"; };
		89611BE32B5E32AD00407E32 /* TopRoundedShape.swift */ = {isa = PBXFileReference; fileEncoding = 4; lastKnownFileType = sourcecode.swift; path = TopRoundedShape.swift; sourceTree = "<group>"; };
		89611BE52B5E338900407E32 /* FRVContainer.swift */ = {isa = PBXFileReference; lastKnownFileType = sourcecode.swift; path = FRVContainer.swift; sourceTree = "<group>"; };
		89611BE72B5E3A6D00407E32 /* FRCheckbox.swift */ = {isa = PBXFileReference; lastKnownFileType = sourcecode.swift; path = FRCheckbox.swift; sourceTree = "<group>"; };
		89611BE92B5E464B00407E32 /* FRSimpleDropDownButton.swift */ = {isa = PBXFileReference; lastKnownFileType = sourcecode.swift; path = FRSimpleDropDownButton.swift; sourceTree = "<group>"; };
		89611BEB2B5E4F4300407E32 /* FRCircularRadioButton.swift */ = {isa = PBXFileReference; lastKnownFileType = sourcecode.swift; path = FRCircularRadioButton.swift; sourceTree = "<group>"; };
		89611BED2B5E785D00407E32 /* FRTextField.swift */ = {isa = PBXFileReference; lastKnownFileType = sourcecode.swift; path = FRTextField.swift; sourceTree = "<group>"; };
		89611BEF2B5E7AB900407E32 /* HomeSelectBeneficiaryView.swift */ = {isa = PBXFileReference; lastKnownFileType = sourcecode.swift; path = HomeSelectBeneficiaryView.swift; sourceTree = "<group>"; };
		89611BF22B5E7D0600407E32 /* AccountInfoCellView.swift */ = {isa = PBXFileReference; lastKnownFileType = sourcecode.swift; path = AccountInfoCellView.swift; sourceTree = "<group>"; };
		89611BF42B5E966000407E32 /* SimpleHInfoView.swift */ = {isa = PBXFileReference; lastKnownFileType = sourcecode.swift; path = SimpleHInfoView.swift; sourceTree = "<group>"; };
		89611BF62B5E9A4900407E32 /* HomeBeneficiarySummaryView.swift */ = {isa = PBXFileReference; lastKnownFileType = sourcecode.swift; path = HomeBeneficiarySummaryView.swift; sourceTree = "<group>"; };
		89611BF82B5E9A9F00407E32 /* SimpleHInfoCellView.swift */ = {isa = PBXFileReference; lastKnownFileType = sourcecode.swift; path = SimpleHInfoCellView.swift; sourceTree = "<group>"; };
		89611BFA2B5EA5E400407E32 /* HomePayViaFIBView.swift */ = {isa = PBXFileReference; lastKnownFileType = sourcecode.swift; path = HomePayViaFIBView.swift; sourceTree = "<group>"; };
		89611BFC2B5EA66900407E32 /* SimpleDirectedCellView.swift */ = {isa = PBXFileReference; lastKnownFileType = sourcecode.swift; path = SimpleDirectedCellView.swift; sourceTree = "<group>"; };
		896EA0BE2B5F811F00FB231A /* EditBeneficiaryBankView.swift */ = {isa = PBXFileReference; lastKnownFileType = sourcecode.swift; path = EditBeneficiaryBankView.swift; sourceTree = "<group>"; };
		896EA0C02B5F816100FB231A /* EditBeneficiaryCashPickupView.swift */ = {isa = PBXFileReference; lastKnownFileType = sourcecode.swift; path = EditBeneficiaryCashPickupView.swift; sourceTree = "<group>"; };
		896EA0C22B5F820500FB231A /* BeneficiaryAddSuccessfulView.swift */ = {isa = PBXFileReference; lastKnownFileType = sourcecode.swift; path = BeneficiaryAddSuccessfulView.swift; sourceTree = "<group>"; };
		896EA0C52B5F863600FB231A /* TransactionHistoryCellView.swift */ = {isa = PBXFileReference; lastKnownFileType = sourcecode.swift; path = TransactionHistoryCellView.swift; sourceTree = "<group>"; };
		896EA0C72B5F8D3200FB231A /* FRTextDropDownButton.swift */ = {isa = PBXFileReference; lastKnownFileType = sourcecode.swift; path = FRTextDropDownButton.swift; sourceTree = "<group>"; };
		896EA0C92B5F915500FB231A /* HistoryDetailView.swift */ = {isa = PBXFileReference; lastKnownFileType = sourcecode.swift; path = HistoryDetailView.swift; sourceTree = "<group>"; };
		896EA0CB2B5F956100FB231A /* FRBarButton.swift */ = {isa = PBXFileReference; lastKnownFileType = sourcecode.swift; path = FRBarButton.swift; sourceTree = "<group>"; };
		896EA0CF2B5F9B9300FB231A /* FRNavigationBarView.swift */ = {isa = PBXFileReference; lastKnownFileType = sourcecode.swift; path = FRNavigationBarView.swift; sourceTree = "<group>"; };
		896EA0D52B5FEE6200FB231A /* FRTextButton.swift */ = {isa = PBXFileReference; lastKnownFileType = sourcecode.swift; path = FRTextButton.swift; sourceTree = "<group>"; };
		896EA0D72B5FF12C00FB231A /* SplashView.swift */ = {isa = PBXFileReference; lastKnownFileType = sourcecode.swift; path = SplashView.swift; sourceTree = "<group>"; };
		896EC25C2B70CA3B007DF3A4 /* BeneficiaryAddedFailedView.swift */ = {isa = PBXFileReference; lastKnownFileType = sourcecode.swift; path = BeneficiaryAddedFailedView.swift; sourceTree = "<group>"; };
		896EC25E2B70FCAC007DF3A4 /* TransactionDataHandler.swift */ = {isa = PBXFileReference; lastKnownFileType = sourcecode.swift; path = TransactionDataHandler.swift; sourceTree = "<group>"; };
		89705A662B68D61100307E3E /* CommonBeneficiaryModel.swift */ = {isa = PBXFileReference; lastKnownFileType = sourcecode.swift; path = CommonBeneficiaryModel.swift; sourceTree = "<group>"; };
		89705A682B68F06900307E3E /* CurrencyPicker.swift */ = {isa = PBXFileReference; lastKnownFileType = sourcecode.swift; path = CurrencyPicker.swift; sourceTree = "<group>"; };
		89705A6A2B68F56200307E3E /* FRSimpleDirectedButton.swift */ = {isa = PBXFileReference; lastKnownFileType = sourcecode.swift; path = FRSimpleDirectedButton.swift; sourceTree = "<group>"; };
		89705A6C2B68FF4A00307E3E /* BenficiaryDataHandler.swift */ = {isa = PBXFileReference; lastKnownFileType = sourcecode.swift; path = BenficiaryDataHandler.swift; sourceTree = "<group>"; };
		89705A6F2B690DD600307E3E /* AccountInfoCellViewButton.swift */ = {isa = PBXFileReference; lastKnownFileType = sourcecode.swift; path = AccountInfoCellViewButton.swift; sourceTree = "<group>"; };
		89705A712B6924DE00307E3E /* DocPickerView.swift */ = {isa = PBXFileReference; lastKnownFileType = sourcecode.swift; path = DocPickerView.swift; sourceTree = "<group>"; };
		89705A732B69360200307E3E /* NationalityPicker.swift */ = {isa = PBXFileReference; lastKnownFileType = sourcecode.swift; path = NationalityPicker.swift; sourceTree = "<group>"; };
		89705A752B69373A00307E3E /* BankPicker.swift */ = {isa = PBXFileReference; lastKnownFileType = sourcecode.swift; path = BankPicker.swift; sourceTree = "<group>"; };
		89705A792B69517F00307E3E /* SelectBeneficiaryTypeBottomSheet.swift */ = {isa = PBXFileReference; lastKnownFileType = sourcecode.swift; path = SelectBeneficiaryTypeBottomSheet.swift; sourceTree = "<group>"; };
		89705A7B2B6A22C600307E3E /* ConversionRateResponse.swift */ = {isa = PBXFileReference; lastKnownFileType = sourcecode.swift; path = ConversionRateResponse.swift; sourceTree = "<group>"; };
		897228012B665BBD006B4FEE /* NationalityResponse.swift */ = {isa = PBXFileReference; lastKnownFileType = sourcecode.swift; path = NationalityResponse.swift; sourceTree = "<group>"; };
		897228032B665CE9006B4FEE /* PurposeResponse.swift */ = {isa = PBXFileReference; lastKnownFileType = sourcecode.swift; path = PurposeResponse.swift; sourceTree = "<group>"; };
		897228052B665D8B006B4FEE /* BankResponse.swift */ = {isa = PBXFileReference; lastKnownFileType = sourcecode.swift; path = BankResponse.swift; sourceTree = "<group>"; };
		897228072B665DFD006B4FEE /* CurrencyResponse.swift */ = {isa = PBXFileReference; lastKnownFileType = sourcecode.swift; path = CurrencyResponse.swift; sourceTree = "<group>"; };
		8972280D2B667744006B4FEE /* HomeRepo.swift */ = {isa = PBXFileReference; lastKnownFileType = sourcecode.swift; path = HomeRepo.swift; sourceTree = "<group>"; };
		897228112B667D9E006B4FEE /* CountryCodePickerBtn.swift */ = {isa = PBXFileReference; fileEncoding = 4; lastKnownFileType = sourcecode.swift; path = CountryCodePickerBtn.swift; sourceTree = "<group>"; };
		897228122B667D9E006B4FEE /* PickerView.swift */ = {isa = PBXFileReference; fileEncoding = 4; lastKnownFileType = sourcecode.swift; path = PickerView.swift; sourceTree = "<group>"; };
		8972281B2B668943006B4FEE /* CashPickupBeneficiariesResponse.swift */ = {isa = PBXFileReference; lastKnownFileType = sourcecode.swift; path = CashPickupBeneficiariesResponse.swift; sourceTree = "<group>"; };
		8972281D2B6689ED006B4FEE /* BeneficiaryRepository.swift */ = {isa = PBXFileReference; lastKnownFileType = sourcecode.swift; path = BeneficiaryRepository.swift; sourceTree = "<group>"; };
		8972281F2B669938006B4FEE /* CashPickupBeneficiaryDetailResponse.swift */ = {isa = PBXFileReference; lastKnownFileType = sourcecode.swift; path = CashPickupBeneficiaryDetailResponse.swift; sourceTree = "<group>"; };
		897228212B66A21A006B4FEE /* BankBeneficiariesResponse.swift */ = {isa = PBXFileReference; lastKnownFileType = sourcecode.swift; path = BankBeneficiariesResponse.swift; sourceTree = "<group>"; };
		897228232B66A71C006B4FEE /* BankBeneficiaryDetailResponse.swift */ = {isa = PBXFileReference; lastKnownFileType = sourcecode.swift; path = BankBeneficiaryDetailResponse.swift; sourceTree = "<group>"; };
		89740D312B5D120D000ACFBA /* InitialView.swift */ = {isa = PBXFileReference; fileEncoding = 4; lastKnownFileType = sourcecode.swift; path = InitialView.swift; sourceTree = "<group>"; };
		89740D3C2B5D2A0B000ACFBA /* UI.swift */ = {isa = PBXFileReference; lastKnownFileType = sourcecode.swift; path = UI.swift; sourceTree = "<group>"; };
		89740D3F2B5D3883000ACFBA /* FRVerticalButton.swift */ = {isa = PBXFileReference; lastKnownFileType = sourcecode.swift; path = FRVerticalButton.swift; sourceTree = "<group>"; };
		89740D412B5D3907000ACFBA /* FRText.swift */ = {isa = PBXFileReference; lastKnownFileType = sourcecode.swift; path = FRText.swift; sourceTree = "<group>"; };
		89740D442B5D4284000ACFBA /* Colour.swift */ = {isa = PBXFileReference; lastKnownFileType = sourcecode.swift; path = Colour.swift; sourceTree = "<group>"; };
		89740D472B5D558D000ACFBA /* View.swift */ = {isa = PBXFileReference; lastKnownFileType = sourcecode.swift; path = View.swift; sourceTree = "<group>"; };
		89740D4A2B5D5669000ACFBA /* ViewModifier.swift */ = {isa = PBXFileReference; lastKnownFileType = sourcecode.swift; path = ViewModifier.swift; sourceTree = "<group>"; };
		89740D4C2B5D5761000ACFBA /* Image.swift */ = {isa = PBXFileReference; lastKnownFileType = sourcecode.swift; path = Image.swift; sourceTree = "<group>"; };
		89740D4F2B5D6646000ACFBA /* Roboto-Medium.ttf */ = {isa = PBXFileReference; lastKnownFileType = file; path = "Roboto-Medium.ttf"; sourceTree = "<group>"; };
		89740D502B5D6655000ACFBA /* Roboto-Regular.ttf */ = {isa = PBXFileReference; lastKnownFileType = file; path = "Roboto-Regular.ttf"; sourceTree = "<group>"; };
		89740D512B5D6661000ACFBA /* Roboto-Bold.ttf */ = {isa = PBXFileReference; lastKnownFileType = file; path = "Roboto-Bold.ttf"; sourceTree = "<group>"; };
		89740D522B5D66DD000ACFBA /* FIB-Remitt-Info.plist */ = {isa = PBXFileReference; lastKnownFileType = text.plist; path = "FIB-Remitt-Info.plist"; sourceTree = SOURCE_ROOT; };
		8974F90D2B6786CD007F2522 /* PurposeCellView.swift */ = {isa = PBXFileReference; lastKnownFileType = sourcecode.swift; path = PurposeCellView.swift; sourceTree = "<group>"; };
		8974F90F2B67A3F2007F2522 /* HomeDataHandler.swift */ = {isa = PBXFileReference; lastKnownFileType = sourcecode.swift; path = HomeDataHandler.swift; sourceTree = "<group>"; };
		8974F9122B67A91C007F2522 /* FRSimpleStaticPicker.swift */ = {isa = PBXFileReference; lastKnownFileType = sourcecode.swift; path = FRSimpleStaticPicker.swift; sourceTree = "<group>"; };
		8974F9142B67AAA1007F2522 /* PurposePicker.swift */ = {isa = PBXFileReference; lastKnownFileType = sourcecode.swift; path = PurposePicker.swift; sourceTree = "<group>"; };
		8974F9172B67ADDC007F2522 /* FRSearchBar.swift */ = {isa = PBXFileReference; lastKnownFileType = sourcecode.swift; path = FRSearchBar.swift; sourceTree = "<group>"; };
		8974F9192B67AE3D007F2522 /* FRTitledSearchField.swift */ = {isa = PBXFileReference; lastKnownFileType = sourcecode.swift; path = FRTitledSearchField.swift; sourceTree = "<group>"; };
		8974F91B2B67D305007F2522 /* BeneficiaryEnum.swift */ = {isa = PBXFileReference; lastKnownFileType = sourcecode.swift; path = BeneficiaryEnum.swift; sourceTree = "<group>"; };
		897A10EB2B62401B002CF87D /* APIManager.swift */ = {isa = PBXFileReference; fileEncoding = 4; lastKnownFileType = sourcecode.swift; path = APIManager.swift; sourceTree = "<group>"; };
		897A10EC2B62401B002CF87D /* EndPoint.swift */ = {isa = PBXFileReference; fileEncoding = 4; lastKnownFileType = sourcecode.swift; path = EndPoint.swift; sourceTree = "<group>"; };
		897A10EF2B626B5C002CF87D /* Network.swift */ = {isa = PBXFileReference; lastKnownFileType = sourcecode.swift; path = Network.swift; sourceTree = "<group>"; };
		897A10F22B626BF7002CF87D /* LoaderManager.swift */ = {isa = PBXFileReference; lastKnownFileType = sourcecode.swift; path = LoaderManager.swift; sourceTree = "<group>"; };
		897A10F42B626C5C002CF87D /* FIBLoaderView.swift */ = {isa = PBXFileReference; lastKnownFileType = sourcecode.swift; path = FIBLoaderView.swift; sourceTree = "<group>"; };
		897A10F62B626DF4002CF87D /* UserSettings.swift */ = {isa = PBXFileReference; lastKnownFileType = sourcecode.swift; path = UserSettings.swift; sourceTree = "<group>"; };
		897A10F92B626F20002CF87D /* EmptyResponse.swift */ = {isa = PBXFileReference; lastKnownFileType = sourcecode.swift; path = EmptyResponse.swift; sourceTree = "<group>"; };
		897A10FB2B628285002CF87D /* FRSimpleDirectedCellButton.swift */ = {isa = PBXFileReference; lastKnownFileType = sourcecode.swift; path = FRSimpleDirectedCellButton.swift; sourceTree = "<group>"; };
		8988E8EB2B62360100741F58 /* DeliveryMethodEnum.swift */ = {isa = PBXFileReference; lastKnownFileType = sourcecode.swift; path = DeliveryMethodEnum.swift; sourceTree = "<group>"; };
		8997492D2B60DB1100DEBD8C /* AuthViewModel.swift */ = {isa = PBXFileReference; lastKnownFileType = sourcecode.swift; path = AuthViewModel.swift; sourceTree = "<group>"; };
		899749302B60EE7600DEBD8C /* FRImageButton.swift */ = {isa = PBXFileReference; lastKnownFileType = sourcecode.swift; path = FRImageButton.swift; sourceTree = "<group>"; };
		899749322B60F16400DEBD8C /* FRHContainer.swift */ = {isa = PBXFileReference; lastKnownFileType = sourcecode.swift; path = FRHContainer.swift; sourceTree = "<group>"; };
		899749342B61150C00DEBD8C /* FRVerticalField.swift */ = {isa = PBXFileReference; lastKnownFileType = sourcecode.swift; path = FRVerticalField.swift; sourceTree = "<group>"; };
		899749362B61494D00DEBD8C /* HomeViewModel.swift */ = {isa = PBXFileReference; lastKnownFileType = sourcecode.swift; path = HomeViewModel.swift; sourceTree = "<group>"; };
		899749382B615C4F00DEBD8C /* BeneficiaryViewModel.swift */ = {isa = PBXFileReference; lastKnownFileType = sourcecode.swift; path = BeneficiaryViewModel.swift; sourceTree = "<group>"; };
		8997493A2B615EC200DEBD8C /* TransactionHistoryViewModel.swift */ = {isa = PBXFileReference; lastKnownFileType = sourcecode.swift; path = TransactionHistoryViewModel.swift; sourceTree = "<group>"; };
		899F1D2D2B66477000E7B35F /* HistoryListResponse.swift */ = {isa = PBXFileReference; lastKnownFileType = sourcecode.swift; path = HistoryListResponse.swift; sourceTree = "<group>"; };
		899F1D312B6649DB00E7B35F /* TransactionListRepository.swift */ = {isa = PBXFileReference; lastKnownFileType = sourcecode.swift; path = TransactionListRepository.swift; sourceTree = "<group>"; };
		899F1D372B66687A00E7B35F /* TransactionDetailsResponse.swift */ = {isa = PBXFileReference; lastKnownFileType = sourcecode.swift; path = TransactionDetailsResponse.swift; sourceTree = "<group>"; };
		899F1D392B66721000E7B35F /* TransactionDetailsViewModel.swift */ = {isa = PBXFileReference; lastKnownFileType = sourcecode.swift; path = TransactionDetailsViewModel.swift; sourceTree = "<group>"; };
		899F1D3B2B66722800E7B35F /* TransactionDetailsRepository.swift */ = {isa = PBXFileReference; lastKnownFileType = sourcecode.swift; path = TransactionDetailsRepository.swift; sourceTree = "<group>"; };
		89C1C9692B6B826000DA70AF /* HomeEnum.swift */ = {isa = PBXFileReference; lastKnownFileType = sourcecode.swift; path = HomeEnum.swift; sourceTree = "<group>"; };
		A8737DFE2B68D531008A2465 /* StringData.swift */ = {isa = PBXFileReference; lastKnownFileType = sourcecode.swift; path = StringData.swift; sourceTree = "<group>"; };
		A8737E052B6BB3BB008A2465 /* FibPaymentCheck.swift */ = {isa = PBXFileReference; lastKnownFileType = sourcecode.swift; path = FibPaymentCheck.swift; sourceTree = "<group>"; };
		A8737E072B6BB989008A2465 /* PaymentCheckResponse.swift */ = {isa = PBXFileReference; lastKnownFileType = sourcecode.swift; path = PaymentCheckResponse.swift; sourceTree = "<group>"; };
		A8CA785F2B66ABA700C383C8 /* BankCollectionResponse.swift */ = {isa = PBXFileReference; lastKnownFileType = sourcecode.swift; path = BankCollectionResponse.swift; sourceTree = "<group>"; };
		A8CA78632B66BFC500C383C8 /* ConfirmationByTransactionResponse.swift */ = {isa = PBXFileReference; lastKnownFileType = sourcecode.swift; path = ConfirmationByTransactionResponse.swift; sourceTree = "<group>"; };
		A8CA78662B677C8200C383C8 /* FilePickerView.swift */ = {isa = PBXFileReference; lastKnownFileType = sourcecode.swift; path = FilePickerView.swift; sourceTree = "<group>"; };
		A8CA78682B67854800C383C8 /* FilePickerCellView.swift */ = {isa = PBXFileReference; lastKnownFileType = sourcecode.swift; path = FilePickerCellView.swift; sourceTree = "<group>"; };
		A8CA786A2B67D24600C383C8 /* Enums.swift */ = {isa = PBXFileReference; lastKnownFileType = sourcecode.swift; path = Enums.swift; sourceTree = "<group>"; };
		AB6DF2A766BA4E68BB0134D7 /* Pods_FIB_Remitt.framework */ = {isa = PBXFileReference; explicitFileType = wrapper.framework; includeInIndex = 0; path = Pods_FIB_Remitt.framework; sourceTree = BUILT_PRODUCTS_DIR; };
/* End PBXFileReference section */

/* Begin PBXFrameworksBuildPhase section */
		40711F5E2B5CFD1500F966E7 /* Frameworks */ = {
			isa = PBXFrameworksBuildPhase;
			buildActionMask = 2147483647;
			files = (
				9248954BA1DA9AF72EF8DF96 /* Pods_FIB_Remitt.framework in Frameworks */,
			);
			runOnlyForDeploymentPostprocessing = 0;
		};
/* End PBXFrameworksBuildPhase section */

/* Begin PBXGroup section */
		2E0F98F92B5D9EED0094CE9F /* BottomTabBar */ = {
			isa = PBXGroup;
			children = (
				2E0F99012B5DAE260094CE9F /* FRBottomBar.swift */,
				2E0F99002B5DAE260094CE9F /* FRBottomBarContainer.swift */,
			);
			path = BottomTabBar;
			sourceTree = "<group>";
		};
		2E0F99042B5DB0910094CE9F /* SettingsTab */ = {
			isa = PBXGroup;
			children = (
				2E0F99052B5DB0B40094CE9F /* SettingsRootView.swift */,
			);
			path = SettingsTab;
			sourceTree = "<group>";
		};
		2E71DB962B65A6E8000A6471 /* View */ = {
			isa = PBXGroup;
			children = (
				89740D312B5D120D000ACFBA /* InitialView.swift */,
				896EA0D72B5FF12C00FB231A /* SplashView.swift */,
				401CA4B02B68D64B00589966 /* WebLoginView.swift */,
			);
			path = View;
			sourceTree = "<group>";
		};
		2E71DB972B65A717000A6471 /* ViewModel */ = {
			isa = PBXGroup;
			children = (
				8997492D2B60DB1100DEBD8C /* AuthViewModel.swift */,
				2E71DB982B65A7DB000A6471 /* AuthRepository.swift */,
				2EA320BA2B77F8F9003C0AB0 /* NavTracker.swift */,
			);
			path = ViewModel;
			sourceTree = "<group>";
		};
		2EB157A92B66E481004D3199 /* View */ = {
			isa = PBXGroup;
			children = (
				2E0F98FE2B5DA0590094CE9F /* BeneficiaryRootView.swift */,
			);
			path = View;
			sourceTree = "<group>";
		};
		40711F582B5CFD1500F966E7 = {
			isa = PBXGroup;
			children = (
				40711F632B5CFD1500F966E7 /* FIB Remitt */,
				40711F622B5CFD1500F966E7 /* Products */,
				7CEE86CB43A46D0383F2A6CF /* Pods */,
				57E0E91E2A8318E5F732AE7A /* Frameworks */,
			);
			sourceTree = "<group>";
		};
		40711F622B5CFD1500F966E7 /* Products */ = {
			isa = PBXGroup;
			children = (
				40711F612B5CFD1500F966E7 /* FIB Remitt.app */,
			);
			name = Products;
			sourceTree = "<group>";
		};
		40711F632B5CFD1500F966E7 /* FIB Remitt */ = {
			isa = PBXGroup;
			children = (
				89740D522B5D66DD000ACFBA /* FIB-Remitt-Info.plist */,
				89740D332B5D1CC0000ACFBA /* Modules */,
				897A10E92B623E12002CF87D /* Network */,
				89740D342B5D1CD2000ACFBA /* SupportFiles */,
				89740D3A2B5D23C5000ACFBA /* Utils */,
				40711F6A2B5CFD1600F966E7 /* Preview Content */,
			);
			path = "FIB Remitt";
			sourceTree = "<group>";
		};
		40711F6A2B5CFD1600F966E7 /* Preview Content */ = {
			isa = PBXGroup;
			children = (
				40711F6B2B5CFD1600F966E7 /* Preview Assets.xcassets */,
			);
			path = "Preview Content";
			sourceTree = "<group>";
		};
		57E0E91E2A8318E5F732AE7A /* Frameworks */ = {
			isa = PBXGroup;
			children = (
				AB6DF2A766BA4E68BB0134D7 /* Pods_FIB_Remitt.framework */,
			);
			name = Frameworks;
			sourceTree = "<group>";
		};
		7CEE86CB43A46D0383F2A6CF /* Pods */ = {
			isa = PBXGroup;
			children = (
				2DA127C8347C3157FCEE541E /* Pods-FIB Remitt.debug.xcconfig */,
				541E218C4505AE18176251D8 /* Pods-FIB Remitt.release.xcconfig */,
			);
			path = Pods;
			sourceTree = "<group>";
		};
		89611BDD2B5E2A8800407E32 /* Containers */ = {
			isa = PBXGroup;
			children = (
				89611BDE2B5E300300407E32 /* SheetHolder.swift */,
				89611BE52B5E338900407E32 /* FRVContainer.swift */,
				899749322B60F16400DEBD8C /* FRHContainer.swift */,
			);
			path = Containers;
			sourceTree = "<group>";
		};
		89611BE22B5E326D00407E32 /* Shapes */ = {
			isa = PBXGroup;
			children = (
				89611BE32B5E32AD00407E32 /* TopRoundedShape.swift */,
			);
			path = Shapes;
			sourceTree = "<group>";
		};
		89611BF12B5E7CA000407E32 /* ViewComponents */ = {
			isa = PBXGroup;
			children = (
				89611BF22B5E7D0600407E32 /* AccountInfoCellView.swift */,
				89611BF82B5E9A9F00407E32 /* SimpleHInfoCellView.swift */,
				89611BFC2B5EA66900407E32 /* SimpleDirectedCellView.swift */,
				2E91D7082B5EFEBD002983F1 /* BeneficiaryTypeCellView.swift */,
				896EA0CF2B5F9B9300FB231A /* FRNavigationBarView.swift */,
				897A10F42B626C5C002CF87D /* FIBLoaderView.swift */,
				A8CA78682B67854800C383C8 /* FilePickerCellView.swift */,
				8974F90D2B6786CD007F2522 /* PurposeCellView.swift */,
				89705A712B6924DE00307E3E /* DocPickerView.swift */,
			);
			path = ViewComponents;
			sourceTree = "<group>";
		};
		896EA0C42B5F860800FB231A /* Components */ = {
			isa = PBXGroup;
			children = (
				896EA0C52B5F863600FB231A /* TransactionHistoryCellView.swift */,
				209971832B68CF2F001A6B91 /* FilterCellView.swift */,
			);
			path = Components;
			sourceTree = "<group>";
		};
		896EA0D12B5FBCC000FB231A /* HomeRoot */ = {
			isa = PBXGroup;
			children = (
				A8CA785E2B66AB9300C383C8 /* Model */,
				8972280F2B667A05006B4FEE /* View */,
				8972280A2B6675BF006B4FEE /* ViewModel */,
			);
			path = HomeRoot;
			sourceTree = "<group>";
		};
		896EA0D22B5FBCD800FB231A /* HomeSelectBeneficiary */ = {
			isa = PBXGroup;
			children = (
				89611BEF2B5E7AB900407E32 /* HomeSelectBeneficiaryView.swift */,
			);
			path = HomeSelectBeneficiary;
			sourceTree = "<group>";
		};
		896EA0D32B5FDE6300FB231A /* HomeBeneficiarySummary */ = {
			isa = PBXGroup;
			children = (
				89611BF62B5E9A4900407E32 /* HomeBeneficiarySummaryView.swift */,
			);
			path = HomeBeneficiarySummary;
			sourceTree = "<group>";
		};
		89705A6E2B690DA800307E3E /* Components */ = {
			isa = PBXGroup;
			children = (
				89705A6F2B690DD600307E3E /* AccountInfoCellViewButton.swift */,
				89705A792B69517F00307E3E /* SelectBeneficiaryTypeBottomSheet.swift */,
			);
			path = Components;
			sourceTree = "<group>";
		};
		897228092B667596006B4FEE /* ModuleConstant */ = {
			isa = PBXGroup;
			children = (
				8988E8EB2B62360100741F58 /* DeliveryMethodEnum.swift */,
				8974F91B2B67D305007F2522 /* BeneficiaryEnum.swift */,
				89C1C9692B6B826000DA70AF /* HomeEnum.swift */,
				2EA320BC2B77F985003C0AB0 /* AppSceneEnum.swift */,
			);
			path = ModuleConstant;
			sourceTree = "<group>";
		};
		8972280A2B6675BF006B4FEE /* ViewModel */ = {
			isa = PBXGroup;
			children = (
				899749362B61494D00DEBD8C /* HomeViewModel.swift */,
				8972280D2B667744006B4FEE /* HomeRepo.swift */,
				8974F90F2B67A3F2007F2522 /* HomeDataHandler.swift */,
			);
			path = ViewModel;
			sourceTree = "<group>";
		};
		8972280F2B667A05006B4FEE /* View */ = {
			isa = PBXGroup;
			children = (
				2E0F98FA2B5D9FCE0094CE9F /* HomeRootView.swift */,
			);
			path = View;
			sourceTree = "<group>";
		};
		897228102B667D7F006B4FEE /* Pickers */ = {
			isa = PBXGroup;
			children = (
				A8CA78652B677C5F00C383C8 /* FilePicker */,
				897228152B668047006B4FEE /* CountryPicker */,
				8974F9122B67A91C007F2522 /* FRSimpleStaticPicker.swift */,
				89705A732B69360200307E3E /* NationalityPicker.swift */,
				89705A682B68F06900307E3E /* CurrencyPicker.swift */,
				8974F9142B67AAA1007F2522 /* PurposePicker.swift */,
				89705A752B69373A00307E3E /* BankPicker.swift */,
			);
			path = Pickers;
			sourceTree = "<group>";
		};
		897228152B668047006B4FEE /* CountryPicker */ = {
			isa = PBXGroup;
			children = (
				897228112B667D9E006B4FEE /* CountryCodePickerBtn.swift */,
				897228122B667D9E006B4FEE /* PickerView.swift */,
			);
			path = CountryPicker;
			sourceTree = "<group>";
		};
		897228162B6688B2006B4FEE /* BeneficiaryRoot */ = {
			isa = PBXGroup;
			children = (
				2EB157A92B66E481004D3199 /* View */,
				8972281A2B66890B006B4FEE /* Model */,
				897228172B6688CB006B4FEE /* BeneficiaryViewModel */,
			);
			path = BeneficiaryRoot;
			sourceTree = "<group>";
		};
		897228172B6688CB006B4FEE /* BeneficiaryViewModel */ = {
			isa = PBXGroup;
			children = (
				899749382B615C4F00DEBD8C /* BeneficiaryViewModel.swift */,
				8972281D2B6689ED006B4FEE /* BeneficiaryRepository.swift */,
				89705A6C2B68FF4A00307E3E /* BenficiaryDataHandler.swift */,
			);
			path = BeneficiaryViewModel;
			sourceTree = "<group>";
		};
		8972281A2B66890B006B4FEE /* Model */ = {
			isa = PBXGroup;
			children = (
				8972281B2B668943006B4FEE /* CashPickupBeneficiariesResponse.swift */,
				8972281F2B669938006B4FEE /* CashPickupBeneficiaryDetailResponse.swift */,
				897228212B66A21A006B4FEE /* BankBeneficiariesResponse.swift */,
				897228232B66A71C006B4FEE /* BankBeneficiaryDetailResponse.swift */,
				89705A662B68D61100307E3E /* CommonBeneficiaryModel.swift */,
			);
			path = Model;
			sourceTree = "<group>";
		};
		89740D332B5D1CC0000ACFBA /* Modules */ = {
			isa = PBXGroup;
			children = (
				89740D352B5D1EA0000ACFBA /* InitialScene */,
				89740D362B5D1EBB000ACFBA /* HomeTab */,
				89740D372B5D1ED0000ACFBA /* BeneficiaryTab */,
				2E0F99042B5DB0910094CE9F /* SettingsTab */,
				89740D382B5D1F04000ACFBA /* HistoryTab */,
				2E0F98F92B5D9EED0094CE9F /* BottomTabBar */,
				89740D392B5D226C000ACFBA /* Common Components */,
			);
			path = Modules;
			sourceTree = "<group>";
		};
		89740D342B5D1CD2000ACFBA /* SupportFiles */ = {
			isa = PBXGroup;
			children = (
				89740D4E2B5D662B000ACFBA /* Fonts */,
				40711F642B5CFD1500F966E7 /* FIB_RemittApp.swift */,
				40711F682B5CFD1600F966E7 /* Assets.xcassets */,
			);
			path = SupportFiles;
			sourceTree = "<group>";
		};
		89740D352B5D1EA0000ACFBA /* InitialScene */ = {
			isa = PBXGroup;
			children = (
				2E71DB972B65A717000A6471 /* ViewModel */,
				2E71DB962B65A6E8000A6471 /* View */,
				897A10F82B626F04002CF87D /* Model */,
			);
			path = InitialScene;
			sourceTree = "<group>";
		};
		89740D362B5D1EBB000ACFBA /* HomeTab */ = {
			isa = PBXGroup;
			children = (
				896EA0D12B5FBCC000FB231A /* HomeRoot */,
				896EA0D22B5FBCD800FB231A /* HomeSelectBeneficiary */,
				896EA0D32B5FDE6300FB231A /* HomeBeneficiarySummary */,
				A8737E002B6BB2DD008A2465 /* FibPaymentCheck */,
				89611BFA2B5EA5E400407E32 /* HomePayViaFIBView.swift */,
				2E91D7062B5EEE7B002983F1 /* HomeTransferSuccessfulView.swift */,
			);
			path = HomeTab;
			sourceTree = "<group>";
		};
		89740D372B5D1ED0000ACFBA /* BeneficiaryTab */ = {
			isa = PBXGroup;
			children = (
				89705A6E2B690DA800307E3E /* Components */,
				897228162B6688B2006B4FEE /* BeneficiaryRoot */,
				2E91D70A2B5F094B002983F1 /* BeneficiaryDetailView.swift */,
				896EA0BE2B5F811F00FB231A /* EditBeneficiaryBankView.swift */,
				896EA0C02B5F816100FB231A /* EditBeneficiaryCashPickupView.swift */,
				896EA0C22B5F820500FB231A /* BeneficiaryAddSuccessfulView.swift */,
				896EC25C2B70CA3B007DF3A4 /* BeneficiaryAddedFailedView.swift */,
			);
			path = BeneficiaryTab;
			sourceTree = "<group>";
		};
		89740D382B5D1F04000ACFBA /* HistoryTab */ = {
			isa = PBXGroup;
			children = (
				899F1D292B66462300E7B35F /* HistoryLanding */,
				899F1D332B6655E900E7B35F /* HistoryDetails */,
			);
			path = HistoryTab;
			sourceTree = "<group>";
		};
		89740D392B5D226C000ACFBA /* Common Components */ = {
			isa = PBXGroup;
			children = (
				8974F9162B67ADC3007F2522 /* Search */,
				897228102B667D7F006B4FEE /* Pickers */,
				89740D432B5D3958000ACFBA /* MicroComponents */,
				89611BF12B5E7CA000407E32 /* ViewComponents */,
				89611BDD2B5E2A8800407E32 /* Containers */,
				89740D3E2B5D385A000ACFBA /* Buttons */,
				89611BE22B5E326D00407E32 /* Shapes */,
			);
			path = "Common Components";
			sourceTree = "<group>";
		};
		89740D3A2B5D23C5000ACFBA /* Utils */ = {
			isa = PBXGroup;
			children = (
				89740D492B5D5639000ACFBA /* Modifiers */,
				89740D462B5D5515000ACFBA /* Extensions */,
				89740D3B2B5D25B5000ACFBA /* Constant */,
				897A10F12B626BD5002CF87D /* Helper */,
				89611BE02B5E31E400407E32 /* Utils.swift */,
			);
			path = Utils;
			sourceTree = "<group>";
		};
		89740D3B2B5D25B5000ACFBA /* Constant */ = {
			isa = PBXGroup;
			children = (
				897228092B667596006B4FEE /* ModuleConstant */,
				897A10EF2B626B5C002CF87D /* Network.swift */,
				89740D3C2B5D2A0B000ACFBA /* UI.swift */,
				89740D442B5D4284000ACFBA /* Colour.swift */,
				897A10F62B626DF4002CF87D /* UserSettings.swift */,
				A8CA786A2B67D24600C383C8 /* Enums.swift */,
				401CA4B22B68EDB000589966 /* Constant.swift */,
			);
			path = Constant;
			sourceTree = "<group>";
		};
		89740D3E2B5D385A000ACFBA /* Buttons */ = {
			isa = PBXGroup;
			children = (
				89740D3F2B5D3883000ACFBA /* FRVerticalButton.swift */,
				89611BE72B5E3A6D00407E32 /* FRCheckbox.swift */,
				89611BEB2B5E4F4300407E32 /* FRCircularRadioButton.swift */,
				89611BE92B5E464B00407E32 /* FRSimpleDropDownButton.swift */,
				89705A6A2B68F56200307E3E /* FRSimpleDirectedButton.swift */,
				896EA0C72B5F8D3200FB231A /* FRTextDropDownButton.swift */,
				896EA0CB2B5F956100FB231A /* FRBarButton.swift */,
				896EA0D52B5FEE6200FB231A /* FRTextButton.swift */,
				899749302B60EE7600DEBD8C /* FRImageButton.swift */,
				897A10FB2B628285002CF87D /* FRSimpleDirectedCellButton.swift */,
			);
			path = Buttons;
			sourceTree = "<group>";
		};
		89740D432B5D3958000ACFBA /* MicroComponents */ = {
			isa = PBXGroup;
			children = (
				89740D412B5D3907000ACFBA /* FRText.swift */,
				89611BED2B5E785D00407E32 /* FRTextField.swift */,
				899749342B61150C00DEBD8C /* FRVerticalField.swift */,
				89611BF42B5E966000407E32 /* SimpleHInfoView.swift */,
			);
			path = MicroComponents;
			sourceTree = "<group>";
		};
		89740D462B5D5515000ACFBA /* Extensions */ = {
			isa = PBXGroup;
			children = (
				89740D472B5D558D000ACFBA /* View.swift */,
				89740D4C2B5D5761000ACFBA /* Image.swift */,
				A8737DFE2B68D531008A2465 /* StringData.swift */,
			);
			path = Extensions;
			sourceTree = "<group>";
		};
		89740D492B5D5639000ACFBA /* Modifiers */ = {
			isa = PBXGroup;
			children = (
				89740D4A2B5D5669000ACFBA /* ViewModifier.swift */,
			);
			path = Modifiers;
			sourceTree = "<group>";
		};
		89740D4E2B5D662B000ACFBA /* Fonts */ = {
			isa = PBXGroup;
			children = (
				89740D512B5D6661000ACFBA /* Roboto-Bold.ttf */,
				89740D502B5D6655000ACFBA /* Roboto-Regular.ttf */,
				89740D4F2B5D6646000ACFBA /* Roboto-Medium.ttf */,
			);
			path = Fonts;
			sourceTree = "<group>";
		};
		8974F9162B67ADC3007F2522 /* Search */ = {
			isa = PBXGroup;
			children = (
				8974F9172B67ADDC007F2522 /* FRSearchBar.swift */,
				8974F9192B67AE3D007F2522 /* FRTitledSearchField.swift */,
			);
			path = Search;
			sourceTree = "<group>";
		};
		897A10E92B623E12002CF87D /* Network */ = {
			isa = PBXGroup;
			children = (
				897A10EA2B623E96002CF87D /* APIClient */,
			);
			path = Network;
			sourceTree = "<group>";
		};
		897A10EA2B623E96002CF87D /* APIClient */ = {
			isa = PBXGroup;
			children = (
				897A10EB2B62401B002CF87D /* APIManager.swift */,
				897A10EC2B62401B002CF87D /* EndPoint.swift */,
			);
			path = APIClient;
			sourceTree = "<group>";
		};
		897A10F12B626BD5002CF87D /* Helper */ = {
			isa = PBXGroup;
			children = (
				897A10F22B626BF7002CF87D /* LoaderManager.swift */,
			);
			path = Helper;
			sourceTree = "<group>";
		};
		897A10F82B626F04002CF87D /* Model */ = {
			isa = PBXGroup;
			children = (
				408744C42B6B6921003ADE66 /* Account.swift */,
				408744C62B6B6921003ADE66 /* JWTTokenModel.swift */,
				408744C52B6B6921003ADE66 /* RealmAccess.swift */,
				408744C32B6B6921003ADE66 /* ResourceAccess.swift */,
				897A10F92B626F20002CF87D /* EmptyResponse.swift */,
				2E71DB942B659E6F000A6471 /* SignInResponse.swift */,
				897228012B665BBD006B4FEE /* NationalityResponse.swift */,
				897228032B665CE9006B4FEE /* PurposeResponse.swift */,
				897228052B665D8B006B4FEE /* BankResponse.swift */,
				897228072B665DFD006B4FEE /* CurrencyResponse.swift */,
			);
			path = Model;
			sourceTree = "<group>";
		};
		899F1D292B66462300E7B35F /* HistoryLanding */ = {
			isa = PBXGroup;
			children = (
				899F1D2C2B66475500E7B35F /* ViewModel */,
				899F1D2B2B66473900E7B35F /* Model */,
				899F1D2A2B66467B00E7B35F /* View */,
			);
			path = HistoryLanding;
			sourceTree = "<group>";
		};
		899F1D2A2B66467B00E7B35F /* View */ = {
			isa = PBXGroup;
			children = (
				896EA0C42B5F860800FB231A /* Components */,
				2E0F98FC2B5DA00E0094CE9F /* HistoryRootView.swift */,
				209971852B68D0CB001A6B91 /* FilterOptionsView.swift */,
			);
			path = View;
			sourceTree = "<group>";
		};
		899F1D2B2B66473900E7B35F /* Model */ = {
			isa = PBXGroup;
			children = (
				899F1D2D2B66477000E7B35F /* HistoryListResponse.swift */,
			);
			path = Model;
			sourceTree = "<group>";
		};
		899F1D2C2B66475500E7B35F /* ViewModel */ = {
			isa = PBXGroup;
			children = (
				8997493A2B615EC200DEBD8C /* TransactionHistoryViewModel.swift */,
				899F1D312B6649DB00E7B35F /* TransactionListRepository.swift */,
				896EC25E2B70FCAC007DF3A4 /* TransactionDataHandler.swift */,
			);
			path = ViewModel;
			sourceTree = "<group>";
		};
		899F1D332B6655E900E7B35F /* HistoryDetails */ = {
			isa = PBXGroup;
			children = (
				899F1D342B66684D00E7B35F /* ViewModel */,
				899F1D362B66686200E7B35F /* Model */,
				899F1D352B66685800E7B35F /* View */,
			);
			path = HistoryDetails;
			sourceTree = "<group>";
		};
		899F1D342B66684D00E7B35F /* ViewModel */ = {
			isa = PBXGroup;
			children = (
				899F1D392B66721000E7B35F /* TransactionDetailsViewModel.swift */,
				899F1D3B2B66722800E7B35F /* TransactionDetailsRepository.swift */,
			);
			path = ViewModel;
			sourceTree = "<group>";
		};
		899F1D352B66685800E7B35F /* View */ = {
			isa = PBXGroup;
			children = (
				896EA0C92B5F915500FB231A /* HistoryDetailView.swift */,
			);
			path = View;
			sourceTree = "<group>";
		};
		899F1D362B66686200E7B35F /* Model */ = {
			isa = PBXGroup;
			children = (
				899F1D372B66687A00E7B35F /* TransactionDetailsResponse.swift */,
			);
			path = Model;
			sourceTree = "<group>";
		};
		A8737E002B6BB2DD008A2465 /* FibPaymentCheck */ = {
			isa = PBXGroup;
			children = (
				A8737E052B6BB3BB008A2465 /* FibPaymentCheck.swift */,
			);
			path = FibPaymentCheck;
			sourceTree = "<group>";
		};
		A8CA785E2B66AB9300C383C8 /* Model */ = {
			isa = PBXGroup;
			children = (
				A8CA785F2B66ABA700C383C8 /* BankCollectionResponse.swift */,
				A8CA78632B66BFC500C383C8 /* ConfirmationByTransactionResponse.swift */,
				89705A7B2B6A22C600307E3E /* ConversionRateResponse.swift */,
				A8737E072B6BB989008A2465 /* PaymentCheckResponse.swift */,
			);
			path = Model;
			sourceTree = "<group>";
		};
		A8CA78652B677C5F00C383C8 /* FilePicker */ = {
			isa = PBXGroup;
			children = (
				A8CA78662B677C8200C383C8 /* FilePickerView.swift */,
			);
			path = FilePicker;
			sourceTree = "<group>";
		};
/* End PBXGroup section */

/* Begin PBXNativeTarget section */
		40711F602B5CFD1500F966E7 /* FIB Remitt */ = {
			isa = PBXNativeTarget;
			buildConfigurationList = 40711F742B5CFD1600F966E7 /* Build configuration list for PBXNativeTarget "FIB Remitt" */;
			buildPhases = (
				C07631213B82B677704F295F /* [CP] Check Pods Manifest.lock */,
				40711F5D2B5CFD1500F966E7 /* Sources */,
				40711F5E2B5CFD1500F966E7 /* Frameworks */,
				40711F5F2B5CFD1500F966E7 /* Resources */,
				44D0063A4BF270C709257052 /* [CP] Embed Pods Frameworks */,
			);
			buildRules = (
			);
			dependencies = (
			);
			name = "FIB Remitt";
			productName = "FIB Remitt";
			productReference = 40711F612B5CFD1500F966E7 /* FIB Remitt.app */;
			productType = "com.apple.product-type.application";
		};
/* End PBXNativeTarget section */

/* Begin PBXProject section */
		40711F592B5CFD1500F966E7 /* Project object */ = {
			isa = PBXProject;
			attributes = {
				BuildIndependentTargetsInParallel = 1;
				LastSwiftUpdateCheck = 1500;
				LastUpgradeCheck = 1500;
				TargetAttributes = {
					40711F602B5CFD1500F966E7 = {
						CreatedOnToolsVersion = 15.0.1;
					};
				};
			};
			buildConfigurationList = 40711F5C2B5CFD1500F966E7 /* Build configuration list for PBXProject "FIB Remitt" */;
			compatibilityVersion = "Xcode 14.0";
			developmentRegion = en;
			hasScannedForEncodings = 0;
			knownRegions = (
				en,
				Base,
			);
			mainGroup = 40711F582B5CFD1500F966E7;
			productRefGroup = 40711F622B5CFD1500F966E7 /* Products */;
			projectDirPath = "";
			projectRoot = "";
			targets = (
				40711F602B5CFD1500F966E7 /* FIB Remitt */,
			);
		};
/* End PBXProject section */

/* Begin PBXResourcesBuildPhase section */
		40711F5F2B5CFD1500F966E7 /* Resources */ = {
			isa = PBXResourcesBuildPhase;
			buildActionMask = 2147483647;
			files = (
				89740D552B5D691B000ACFBA /* Roboto-Medium.ttf in Resources */,
				40711F6C2B5CFD1600F966E7 /* Preview Assets.xcassets in Resources */,
				40711F692B5CFD1600F966E7 /* Assets.xcassets in Resources */,
				89740D542B5D6918000ACFBA /* Roboto-Regular.ttf in Resources */,
				89740D532B5D6915000ACFBA /* Roboto-Bold.ttf in Resources */,
			);
			runOnlyForDeploymentPostprocessing = 0;
		};
/* End PBXResourcesBuildPhase section */

/* Begin PBXShellScriptBuildPhase section */
		44D0063A4BF270C709257052 /* [CP] Embed Pods Frameworks */ = {
			isa = PBXShellScriptBuildPhase;
			buildActionMask = 2147483647;
			files = (
			);
			inputFileListPaths = (
				"${PODS_ROOT}/Target Support Files/Pods-FIB Remitt/Pods-FIB Remitt-frameworks-${CONFIGURATION}-input-files.xcfilelist",
			);
			name = "[CP] Embed Pods Frameworks";
			outputFileListPaths = (
				"${PODS_ROOT}/Target Support Files/Pods-FIB Remitt/Pods-FIB Remitt-frameworks-${CONFIGURATION}-output-files.xcfilelist",
			);
			runOnlyForDeploymentPostprocessing = 0;
			shellPath = /bin/sh;
			shellScript = "\"${PODS_ROOT}/Target Support Files/Pods-FIB Remitt/Pods-FIB Remitt-frameworks.sh\"\n";
			showEnvVarsInLog = 0;
		};
		C07631213B82B677704F295F /* [CP] Check Pods Manifest.lock */ = {
			isa = PBXShellScriptBuildPhase;
			buildActionMask = 2147483647;
			files = (
			);
			inputFileListPaths = (
			);
			inputPaths = (
				"${PODS_PODFILE_DIR_PATH}/Podfile.lock",
				"${PODS_ROOT}/Manifest.lock",
			);
			name = "[CP] Check Pods Manifest.lock";
			outputFileListPaths = (
			);
			outputPaths = (
				"$(DERIVED_FILE_DIR)/Pods-FIB Remitt-checkManifestLockResult.txt",
			);
			runOnlyForDeploymentPostprocessing = 0;
			shellPath = /bin/sh;
			shellScript = "diff \"${PODS_PODFILE_DIR_PATH}/Podfile.lock\" \"${PODS_ROOT}/Manifest.lock\" > /dev/null\nif [ $? != 0 ] ; then\n    # print error to STDERR\n    echo \"error: The sandbox is not in sync with the Podfile.lock. Run 'pod install' or update your CocoaPods installation.\" >&2\n    exit 1\nfi\n# This output is used by Xcode 'outputs' to avoid re-running this script phase.\necho \"SUCCESS\" > \"${SCRIPT_OUTPUT_FILE_0}\"\n";
			showEnvVarsInLog = 0;
		};
/* End PBXShellScriptBuildPhase section */

/* Begin PBXSourcesBuildPhase section */
		40711F5D2B5CFD1500F966E7 /* Sources */ = {
			isa = PBXSourcesBuildPhase;
			buildActionMask = 2147483647;
			files = (
				896EA0D62B5FEE6200FB231A /* FRTextButton.swift in Sources */,
				897A10F02B626B5C002CF87D /* Network.swift in Sources */,
				A8CA78672B677C8200C383C8 /* FilePickerView.swift in Sources */,
				896EA0D82B5FF12C00FB231A /* SplashView.swift in Sources */,
				89705A722B6924DE00307E3E /* DocPickerView.swift in Sources */,
				A8737DFF2B68D531008A2465 /* StringData.swift in Sources */,
				896EA0D02B5F9B9300FB231A /* FRNavigationBarView.swift in Sources */,
				2E71DB952B659E6F000A6471 /* SignInResponse.swift in Sources */,
				899749372B61494D00DEBD8C /* HomeViewModel.swift in Sources */,
				896EA0C12B5F816100FB231A /* EditBeneficiaryCashPickupView.swift in Sources */,
				89740D322B5D120D000ACFBA /* InitialView.swift in Sources */,
				89611BE62B5E338900407E32 /* FRVContainer.swift in Sources */,
				2EA320BB2B77F8FA003C0AB0 /* NavTracker.swift in Sources */,
				897228022B665BBD006B4FEE /* NationalityResponse.swift in Sources */,
				89611BE42B5E32AD00407E32 /* TopRoundedShape.swift in Sources */,
				8974F9102B67A3F2007F2522 /* HomeDataHandler.swift in Sources */,
				2E91D70B2B5F094B002983F1 /* BeneficiaryDetailView.swift in Sources */,
				A8737E082B6BB989008A2465 /* PaymentCheckResponse.swift in Sources */,
				89705A7C2B6A22C600307E3E /* ConversionRateResponse.swift in Sources */,
				896EA0CC2B5F956100FB231A /* FRBarButton.swift in Sources */,
				A8CA78642B66BFC500C383C8 /* ConfirmationByTransactionResponse.swift in Sources */,
				897228222B66A21A006B4FEE /* BankBeneficiariesResponse.swift in Sources */,
				8974F91A2B67AE3D007F2522 /* FRTitledSearchField.swift in Sources */,
				899749352B61150C00DEBD8C /* FRVerticalField.swift in Sources */,
				8974F9132B67A91C007F2522 /* FRSimpleStaticPicker.swift in Sources */,
				2E0F99032B5DAE260094CE9F /* FRBottomBar.swift in Sources */,
				897A10ED2B62401B002CF87D /* APIManager.swift in Sources */,
				2E0F99022B5DAE260094CE9F /* FRBottomBarContainer.swift in Sources */,
				89611BF92B5E9A9F00407E32 /* SimpleHInfoCellView.swift in Sources */,
				89611BDF2B5E300300407E32 /* SheetHolder.swift in Sources */,
				8974F9182B67ADDC007F2522 /* FRSearchBar.swift in Sources */,
				897228242B66A71C006B4FEE /* BankBeneficiaryDetailResponse.swift in Sources */,
				897A10FA2B626F21002CF87D /* EmptyResponse.swift in Sources */,
				408744C92B6B6921003ADE66 /* RealmAccess.swift in Sources */,
				89611BEC2B5E4F4300407E32 /* FRCircularRadioButton.swift in Sources */,
				89611BF02B5E7AB900407E32 /* HomeSelectBeneficiaryView.swift in Sources */,
				408744CA2B6B6921003ADE66 /* JWTTokenModel.swift in Sources */,
				89740D4D2B5D5762000ACFBA /* Image.swift in Sources */,
				897A10FC2B628285002CF87D /* FRSimpleDirectedCellButton.swift in Sources */,
				408744C72B6B6921003ADE66 /* ResourceAccess.swift in Sources */,
				89705A692B68F06900307E3E /* CurrencyPicker.swift in Sources */,
				89705A742B69360200307E3E /* NationalityPicker.swift in Sources */,
				899749392B615C4F00DEBD8C /* BeneficiaryViewModel.swift in Sources */,
				40711F652B5CFD1500F966E7 /* FIB_RemittApp.swift in Sources */,
				2E0F99062B5DB0B40094CE9F /* SettingsRootView.swift in Sources */,
				89611BE82B5E3A6D00407E32 /* FRCheckbox.swift in Sources */,
				8988E8EC2B62360100741F58 /* DeliveryMethodEnum.swift in Sources */,
				8972281E2B6689ED006B4FEE /* BeneficiaryRepository.swift in Sources */,
				89705A6D2B68FF4A00307E3E /* BenficiaryDataHandler.swift in Sources */,
				899F1D322B6649DB00E7B35F /* TransactionListRepository.swift in Sources */,
				89705A702B690DD600307E3E /* AccountInfoCellViewButton.swift in Sources */,
				89611BFB2B5EA5E400407E32 /* HomePayViaFIBView.swift in Sources */,
				2E91D7072B5EEE7B002983F1 /* HomeTransferSuccessfulView.swift in Sources */,
				899F1D3C2B66722800E7B35F /* TransactionDetailsRepository.swift in Sources */,
				899749312B60EE7600DEBD8C /* FRImageButton.swift in Sources */,
				897228202B669938006B4FEE /* CashPickupBeneficiaryDetailResponse.swift in Sources */,
				897A10EE2B62401B002CF87D /* EndPoint.swift in Sources */,
				897A10F32B626BF7002CF87D /* LoaderManager.swift in Sources */,
				2E71DB992B65A7DB000A6471 /* AuthRepository.swift in Sources */,
				896EA0C82B5F8D3200FB231A /* FRTextDropDownButton.swift in Sources */,
				8972281C2B668943006B4FEE /* CashPickupBeneficiariesResponse.swift in Sources */,
				2E0F98FB2B5D9FCE0094CE9F /* HomeRootView.swift in Sources */,
				896EA0CA2B5F915500FB231A /* HistoryDetailView.swift in Sources */,
				899F1D2E2B66477000E7B35F /* HistoryListResponse.swift in Sources */,
				2E0F98FF2B5DA0590094CE9F /* BeneficiaryRootView.swift in Sources */,
				89611BE12B5E31E400407E32 /* Utils.swift in Sources */,
				8972280E2B667744006B4FEE /* HomeRepo.swift in Sources */,
				89611BEA2B5E464B00407E32 /* FRSimpleDropDownButton.swift in Sources */,
				89740D422B5D3907000ACFBA /* FRText.swift in Sources */,
				896EC25D2B70CA3B007DF3A4 /* BeneficiaryAddedFailedView.swift in Sources */,
				896EA0C32B5F820500FB231A /* BeneficiaryAddSuccessfulView.swift in Sources */,
				899F1D382B66687A00E7B35F /* TransactionDetailsResponse.swift in Sources */,
				89611BF72B5E9A4900407E32 /* HomeBeneficiarySummaryView.swift in Sources */,
				2EA320BD2B77F985003C0AB0 /* AppSceneEnum.swift in Sources */,
				209971842B68CF2F001A6B91 /* FilterCellView.swift in Sources */,
				89611BEE2B5E785D00407E32 /* FRTextField.swift in Sources */,
				8997493B2B615EC200DEBD8C /* TransactionHistoryViewModel.swift in Sources */,
				896EC25F2B70FCAC007DF3A4 /* TransactionDataHandler.swift in Sources */,
				899749332B60F16400DEBD8C /* FRHContainer.swift in Sources */,
				2E91D7092B5EFEBD002983F1 /* BeneficiaryTypeCellView.swift in Sources */,
				89740D3D2B5D2A0B000ACFBA /* UI.swift in Sources */,
				89705A762B69373A00307E3E /* BankPicker.swift in Sources */,
				897228042B665CE9006B4FEE /* PurposeResponse.swift in Sources */,
				401CA4B12B68D64B00589966 /* WebLoginView.swift in Sources */,
				89611BFD2B5EA66900407E32 /* SimpleDirectedCellView.swift in Sources */,
				89705A7A2B69518000307E3E /* SelectBeneficiaryTypeBottomSheet.swift in Sources */,
				897A10F52B626C5C002CF87D /* FIBLoaderView.swift in Sources */,
				89611BF52B5E966000407E32 /* SimpleHInfoView.swift in Sources */,
				89705A672B68D61100307E3E /* CommonBeneficiaryModel.swift in Sources */,
				8974F9152B67AAA1007F2522 /* PurposePicker.swift in Sources */,
				897228082B665DFD006B4FEE /* CurrencyResponse.swift in Sources */,
				A8CA786B2B67D24600C383C8 /* Enums.swift in Sources */,
				89705A6B2B68F56200307E3E /* FRSimpleDirectedButton.swift in Sources */,
				2E0F98FD2B5DA00E0094CE9F /* HistoryRootView.swift in Sources */,
				896EA0C62B5F863600FB231A /* TransactionHistoryCellView.swift in Sources */,
				897228132B667D9E006B4FEE /* CountryCodePickerBtn.swift in Sources */,
				89740D402B5D3883000ACFBA /* FRVerticalButton.swift in Sources */,
				897228062B665D8B006B4FEE /* BankResponse.swift in Sources */,
				A8CA78602B66ABA700C383C8 /* BankCollectionResponse.swift in Sources */,
				401CA4B32B68EDB000589966 /* Constant.swift in Sources */,
				89C1C96A2B6B826000DA70AF /* HomeEnum.swift in Sources */,
				897228142B667D9E006B4FEE /* PickerView.swift in Sources */,
				89740D482B5D558D000ACFBA /* View.swift in Sources */,
				899F1D3A2B66721000E7B35F /* TransactionDetailsViewModel.swift in Sources */,
				896EA0BF2B5F811F00FB231A /* EditBeneficiaryBankView.swift in Sources */,
				A8CA78692B67854800C383C8 /* FilePickerCellView.swift in Sources */,
				8997492E2B60DB1100DEBD8C /* AuthViewModel.swift in Sources */,
				8974F91C2B67D305007F2522 /* BeneficiaryEnum.swift in Sources */,
				408744C82B6B6921003ADE66 /* Account.swift in Sources */,
				89740D452B5D4284000ACFBA /* Colour.swift in Sources */,
				897A10F72B626DF4002CF87D /* UserSettings.swift in Sources */,
				89611BF32B5E7D0600407E32 /* AccountInfoCellView.swift in Sources */,
				89740D4B2B5D5669000ACFBA /* ViewModifier.swift in Sources */,
				8974F90E2B6786CD007F2522 /* PurposeCellView.swift in Sources */,
				209971862B68D0CB001A6B91 /* FilterOptionsView.swift in Sources */,
				A8737E062B6BB3BB008A2465 /* FibPaymentCheck.swift in Sources */,
			);
			runOnlyForDeploymentPostprocessing = 0;
		};
/* End PBXSourcesBuildPhase section */

/* Begin XCBuildConfiguration section */
		40711F722B5CFD1600F966E7 /* Debug */ = {
			isa = XCBuildConfiguration;
			buildSettings = {
				ALWAYS_SEARCH_USER_PATHS = NO;
				ASSETCATALOG_COMPILER_GENERATE_SWIFT_ASSET_SYMBOL_EXTENSIONS = YES;
				CLANG_ANALYZER_NONNULL = YES;
				CLANG_ANALYZER_NUMBER_OBJECT_CONVERSION = YES_AGGRESSIVE;
				CLANG_CXX_LANGUAGE_STANDARD = "gnu++20";
				CLANG_ENABLE_MODULES = YES;
				CLANG_ENABLE_OBJC_ARC = YES;
				CLANG_ENABLE_OBJC_WEAK = YES;
				CLANG_WARN_BLOCK_CAPTURE_AUTORELEASING = YES;
				CLANG_WARN_BOOL_CONVERSION = YES;
				CLANG_WARN_COMMA = YES;
				CLANG_WARN_CONSTANT_CONVERSION = YES;
				CLANG_WARN_DEPRECATED_OBJC_IMPLEMENTATIONS = YES;
				CLANG_WARN_DIRECT_OBJC_ISA_USAGE = YES_ERROR;
				CLANG_WARN_DOCUMENTATION_COMMENTS = YES;
				CLANG_WARN_EMPTY_BODY = YES;
				CLANG_WARN_ENUM_CONVERSION = YES;
				CLANG_WARN_INFINITE_RECURSION = YES;
				CLANG_WARN_INT_CONVERSION = YES;
				CLANG_WARN_NON_LITERAL_NULL_CONVERSION = YES;
				CLANG_WARN_OBJC_IMPLICIT_RETAIN_SELF = YES;
				CLANG_WARN_OBJC_LITERAL_CONVERSION = YES;
				CLANG_WARN_OBJC_ROOT_CLASS = YES_ERROR;
				CLANG_WARN_QUOTED_INCLUDE_IN_FRAMEWORK_HEADER = YES;
				CLANG_WARN_RANGE_LOOP_ANALYSIS = YES;
				CLANG_WARN_STRICT_PROTOTYPES = YES;
				CLANG_WARN_SUSPICIOUS_MOVE = YES;
				CLANG_WARN_UNGUARDED_AVAILABILITY = YES_AGGRESSIVE;
				CLANG_WARN_UNREACHABLE_CODE = YES;
				CLANG_WARN__DUPLICATE_METHOD_MATCH = YES;
				COPY_PHASE_STRIP = NO;
				DEBUG_INFORMATION_FORMAT = dwarf;
				ENABLE_STRICT_OBJC_MSGSEND = YES;
				ENABLE_TESTABILITY = YES;
				ENABLE_USER_SCRIPT_SANDBOXING = YES;
				GCC_C_LANGUAGE_STANDARD = gnu17;
				GCC_DYNAMIC_NO_PIC = NO;
				GCC_NO_COMMON_BLOCKS = YES;
				GCC_OPTIMIZATION_LEVEL = 0;
				GCC_PREPROCESSOR_DEFINITIONS = (
					"DEBUG=1",
					"$(inherited)",
				);
				GCC_WARN_64_TO_32_BIT_CONVERSION = YES;
				GCC_WARN_ABOUT_RETURN_TYPE = YES_ERROR;
				GCC_WARN_UNDECLARED_SELECTOR = YES;
				GCC_WARN_UNINITIALIZED_AUTOS = YES_AGGRESSIVE;
				GCC_WARN_UNUSED_FUNCTION = YES;
				GCC_WARN_UNUSED_VARIABLE = YES;
				IPHONEOS_DEPLOYMENT_TARGET = 17.0;
				LOCALIZATION_PREFERS_STRING_CATALOGS = YES;
				MTL_ENABLE_DEBUG_INFO = INCLUDE_SOURCE;
				MTL_FAST_MATH = YES;
				ONLY_ACTIVE_ARCH = YES;
				SDKROOT = iphoneos;
				SWIFT_ACTIVE_COMPILATION_CONDITIONS = "DEBUG $(inherited)";
				SWIFT_OPTIMIZATION_LEVEL = "-Onone";
			};
			name = Debug;
		};
		40711F732B5CFD1600F966E7 /* Release */ = {
			isa = XCBuildConfiguration;
			buildSettings = {
				ALWAYS_SEARCH_USER_PATHS = NO;
				ASSETCATALOG_COMPILER_GENERATE_SWIFT_ASSET_SYMBOL_EXTENSIONS = YES;
				CLANG_ANALYZER_NONNULL = YES;
				CLANG_ANALYZER_NUMBER_OBJECT_CONVERSION = YES_AGGRESSIVE;
				CLANG_CXX_LANGUAGE_STANDARD = "gnu++20";
				CLANG_ENABLE_MODULES = YES;
				CLANG_ENABLE_OBJC_ARC = YES;
				CLANG_ENABLE_OBJC_WEAK = YES;
				CLANG_WARN_BLOCK_CAPTURE_AUTORELEASING = YES;
				CLANG_WARN_BOOL_CONVERSION = YES;
				CLANG_WARN_COMMA = YES;
				CLANG_WARN_CONSTANT_CONVERSION = YES;
				CLANG_WARN_DEPRECATED_OBJC_IMPLEMENTATIONS = YES;
				CLANG_WARN_DIRECT_OBJC_ISA_USAGE = YES_ERROR;
				CLANG_WARN_DOCUMENTATION_COMMENTS = YES;
				CLANG_WARN_EMPTY_BODY = YES;
				CLANG_WARN_ENUM_CONVERSION = YES;
				CLANG_WARN_INFINITE_RECURSION = YES;
				CLANG_WARN_INT_CONVERSION = YES;
				CLANG_WARN_NON_LITERAL_NULL_CONVERSION = YES;
				CLANG_WARN_OBJC_IMPLICIT_RETAIN_SELF = YES;
				CLANG_WARN_OBJC_LITERAL_CONVERSION = YES;
				CLANG_WARN_OBJC_ROOT_CLASS = YES_ERROR;
				CLANG_WARN_QUOTED_INCLUDE_IN_FRAMEWORK_HEADER = YES;
				CLANG_WARN_RANGE_LOOP_ANALYSIS = YES;
				CLANG_WARN_STRICT_PROTOTYPES = YES;
				CLANG_WARN_SUSPICIOUS_MOVE = YES;
				CLANG_WARN_UNGUARDED_AVAILABILITY = YES_AGGRESSIVE;
				CLANG_WARN_UNREACHABLE_CODE = YES;
				CLANG_WARN__DUPLICATE_METHOD_MATCH = YES;
				COPY_PHASE_STRIP = NO;
				DEBUG_INFORMATION_FORMAT = "dwarf-with-dsym";
				ENABLE_NS_ASSERTIONS = NO;
				ENABLE_STRICT_OBJC_MSGSEND = YES;
				ENABLE_USER_SCRIPT_SANDBOXING = YES;
				GCC_C_LANGUAGE_STANDARD = gnu17;
				GCC_NO_COMMON_BLOCKS = YES;
				GCC_WARN_64_TO_32_BIT_CONVERSION = YES;
				GCC_WARN_ABOUT_RETURN_TYPE = YES_ERROR;
				GCC_WARN_UNDECLARED_SELECTOR = YES;
				GCC_WARN_UNINITIALIZED_AUTOS = YES_AGGRESSIVE;
				GCC_WARN_UNUSED_FUNCTION = YES;
				GCC_WARN_UNUSED_VARIABLE = YES;
				IPHONEOS_DEPLOYMENT_TARGET = 17.0;
				LOCALIZATION_PREFERS_STRING_CATALOGS = YES;
				MTL_ENABLE_DEBUG_INFO = NO;
				MTL_FAST_MATH = YES;
				SDKROOT = iphoneos;
				SWIFT_COMPILATION_MODE = wholemodule;
				VALIDATE_PRODUCT = YES;
			};
			name = Release;
		};
		40711F752B5CFD1600F966E7 /* Debug */ = {
			isa = XCBuildConfiguration;
			baseConfigurationReference = 2DA127C8347C3157FCEE541E /* Pods-FIB Remitt.debug.xcconfig */;
			buildSettings = {
				ASSETCATALOG_COMPILER_APPICON_NAME = AppIcon;
				ASSETCATALOG_COMPILER_GLOBAL_ACCENT_COLOR_NAME = AccentColor;
				CODE_SIGN_STYLE = Automatic;
				CURRENT_PROJECT_VERSION = 12;
				DEVELOPMENT_ASSET_PATHS = "\"FIB Remitt/Preview Content\"";
				DEVELOPMENT_TEAM = 5F92FMJYFX;
				ENABLE_PREVIEWS = YES;
				ENABLE_USER_SCRIPT_SANDBOXING = NO;
				GENERATE_INFOPLIST_FILE = YES;
				INFOPLIST_FILE = "FIB-Remitt-Info.plist";
				INFOPLIST_KEY_CFBundleDisplayName = "FIB Remit";
				INFOPLIST_KEY_UIApplicationSceneManifest_Generation = YES;
				INFOPLIST_KEY_UIApplicationSupportsIndirectInputEvents = YES;
				INFOPLIST_KEY_UILaunchScreen_Generation = YES;
				INFOPLIST_KEY_UISupportedInterfaceOrientations = "UIInterfaceOrientationPortrait UIInterfaceOrientationPortraitUpsideDown";
				IPHONEOS_DEPLOYMENT_TARGET = 16.0;
				LD_RUNPATH_SEARCH_PATHS = (
					"$(inherited)",
					"@executable_path/Frameworks",
				);
				MARKETING_VERSION = 1.0.9;
				PRODUCT_BUNDLE_IDENTIFIER = com.fib.services;
				PRODUCT_NAME = "$(TARGET_NAME)";
				SWIFT_EMIT_LOC_STRINGS = YES;
				SWIFT_VERSION = 5.0;
				TARGETED_DEVICE_FAMILY = "1,2";
			};
			name = Debug;
		};
		40711F762B5CFD1600F966E7 /* Release */ = {
			isa = XCBuildConfiguration;
			baseConfigurationReference = 541E218C4505AE18176251D8 /* Pods-FIB Remitt.release.xcconfig */;
			buildSettings = {
				ASSETCATALOG_COMPILER_APPICON_NAME = AppIcon;
				ASSETCATALOG_COMPILER_GLOBAL_ACCENT_COLOR_NAME = AccentColor;
				CODE_SIGN_STYLE = Automatic;
				CURRENT_PROJECT_VERSION = 12;
				DEVELOPMENT_ASSET_PATHS = "\"FIB Remitt/Preview Content\"";
				DEVELOPMENT_TEAM = 5F92FMJYFX;
				ENABLE_PREVIEWS = YES;
				ENABLE_USER_SCRIPT_SANDBOXING = NO;
				GENERATE_INFOPLIST_FILE = YES;
				INFOPLIST_FILE = "FIB-Remitt-Info.plist";
				INFOPLIST_KEY_CFBundleDisplayName = "FIB Remit";
				INFOPLIST_KEY_UIApplicationSceneManifest_Generation = YES;
				INFOPLIST_KEY_UIApplicationSupportsIndirectInputEvents = YES;
				INFOPLIST_KEY_UILaunchScreen_Generation = YES;
				INFOPLIST_KEY_UISupportedInterfaceOrientations = "UIInterfaceOrientationPortrait UIInterfaceOrientationPortraitUpsideDown";
				IPHONEOS_DEPLOYMENT_TARGET = 16.0;
				LD_RUNPATH_SEARCH_PATHS = (
					"$(inherited)",
					"@executable_path/Frameworks",
				);
				MARKETING_VERSION = 1.0.9;
				PRODUCT_BUNDLE_IDENTIFIER = com.fib.services;
				PRODUCT_NAME = "$(TARGET_NAME)";
				SWIFT_EMIT_LOC_STRINGS = YES;
				SWIFT_VERSION = 5.0;
				TARGETED_DEVICE_FAMILY = "1,2";
			};
			name = Release;
		};
/* End XCBuildConfiguration section */

/* Begin XCConfigurationList section */
		40711F5C2B5CFD1500F966E7 /* Build configuration list for PBXProject "FIB Remitt" */ = {
			isa = XCConfigurationList;
			buildConfigurations = (
				40711F722B5CFD1600F966E7 /* Debug */,
				40711F732B5CFD1600F966E7 /* Release */,
			);
			defaultConfigurationIsVisible = 0;
			defaultConfigurationName = Release;
		};
		40711F742B5CFD1600F966E7 /* Build configuration list for PBXNativeTarget "FIB Remitt" */ = {
			isa = XCConfigurationList;
			buildConfigurations = (
				40711F752B5CFD1600F966E7 /* Debug */,
				40711F762B5CFD1600F966E7 /* Release */,
			);
			defaultConfigurationIsVisible = 0;
			defaultConfigurationName = Release;
		};
/* End XCConfigurationList section */
	};
	rootObject = 40711F592B5CFD1500F966E7 /* Project object */;
}
